// !$*UTF8*$!
{
	archiveVersion = 1;
	classes = {
	};
	objectVersion = 46;
	objects = {

/* Begin PBXAggregateTarget section */
		B527C0DFA1F68BF6DA9823C4 /* RingWormModulator - All */ = {
			isa = PBXAggregateTarget;
			buildConfigurationList = 97857475672F9EBBB03BC5B2;
			buildPhases = (
			);
			dependencies = (
				4C2DBB99ACF1C839C3E6B8A6,
				7BD4741CA48BDEEBF00EC2AA,
				3D4ADFB51DCE735B44A369D0,
				5E2C5C9C02AC26BAACFA548A,
			);
			name = "RingWormModulator - All";
			productName = RingWormModulator;
		};
/* End PBXAggregateTarget section */

/* Begin PBXBuildFile section */
		03733ED79F5490EB306D16EE /* WebKit.framework */ = {isa = PBXBuildFile; fileRef = 02CDC6CADC752E7912D2B1A0; };
		04E308A1B3AC97912823498B /* juce_VST3ManifestHelper.mm */ = {isa = PBXBuildFile; fileRef = 79DB6F7F31654494B32A3185; settings = { COMPILER_FLAGS = "-fobjc-arc -w -DJUCE_SKIP_PRECOMPILED_HEADER"; }; };
		08C2B89B4B488C3A1BA3E46C /* Shared Code */ = {isa = PBXBuildFile; fileRef = E65856FC80D86B9E55EE3612; };
		09CBCD41D4B84025500BF392 /* include_juce_audio_basics.mm */ = {isa = PBXBuildFile; fileRef = 1874B5AF0E522201142B6BB1; };
		0E2F79D6DF12851F05F0CFE6 /* include_juce_data_structures.mm */ = {isa = PBXBuildFile; fileRef = DAE4F464F304EA724A12B5BE; };
		0FFD044BEDCB5FF047D2C5E9 /* Standalone Plugin */ = {isa = PBXBuildFile; fileRef = 3DDABC6862EE37504648C484; };
		1038FBB24954529649BF8FC4 /* Security.framework */ = {isa = PBXBuildFile; fileRef = A0FD52884F5AB9A7D7410F76; };
		377B4954549CFFF9565EA745 /* include_juce_audio_plugin_client_ARA.cpp */ = {isa = PBXBuildFile; fileRef = 757C406566B14B132C34A492; };
		38DB771CFFC668EDFAB9DC0B /* PluginProcessor.cpp */ = {isa = PBXBuildFile; fileRef = 202522A82DC29F45B756BC94; };
		3E851DF68D5EFDB0ABBCB3FB /* include_juce_gui_extra.mm */ = {isa = PBXBuildFile; fileRef = B9586E0EEA7D864E9EC8987D; };
		49C17812B780F69FE85BDB29 /* IOKit.framework */ = {isa = PBXBuildFile; fileRef = 7BFEBD8DC4183127F39E3472; };
		4F94D82911069D5061E1BBB4 /* AudioToolbox.framework */ = {isa = PBXBuildFile; fileRef = 9AB3D10C65F0DA5C410C9738; };
		54618D0E1AD05B0F536B0410 /* Metal.framework */ = {isa = PBXBuildFile; fileRef = 9F10E4105A6C3A71EF33C501; settings = { ATTRIBUTES = (Weak, ); }; };
		575D32965EA7013BD6DCB390 /* include_juce_audio_processors.mm */ = {isa = PBXBuildFile; fileRef = AD3DC8D543C1809DD167651A; };
		5ADFC0DF14FA569F462AA109 /* include_juce_audio_processors_lv2_libs.cpp */ = {isa = PBXBuildFile; fileRef = 91466A534F61FE23091E88D9; };
		64A5E06820AE3B8C461133F2 /* include_juce_audio_devices.mm */ = {isa = PBXBuildFile; fileRef = 71B412BE80BC5A4516503560; };
		66703B84D166F1F89216450F /* RecentFilesMenuTemplate.nib */ = {isa = PBXBuildFile; fileRef = 167817E4933BB885586D477F; };
		70A302BFDCF81E88B8AE48F6 /* include_juce_audio_processors_ara.cpp */ = {isa = PBXBuildFile; fileRef = 5C1167DBB22301D9F1924980; };
		713A5B0E8537B8D9FBF82130 /* include_juce_audio_formats.mm */ = {isa = PBXBuildFile; fileRef = E33CB826C933AF8313F3D6DE; };
		78C9E34B9E1E5DAF3A99F802 /* include_juce_gui_basics.mm */ = {isa = PBXBuildFile; fileRef = 636189E83C5ADE9D09801A28; };
		78F80715E85DE8B3A2CB18B2 /* PluginEditorGui.cpp */ = {isa = PBXBuildFile; fileRef = 812D917D0087F48C04408E24; };
		89A553AB2C0CF7537451B3D4 /* Foundation.framework */ = {isa = PBXBuildFile; fileRef = AF74615121BEC64F7F281E4A; };
		90B7CEAA76B2EEFAFE9A4D14 /* include_juce_audio_plugin_client_VST3.mm */ = {isa = PBXBuildFile; fileRef = 9579CC3F8DFA3032AC998DE1; };
		9507CF7A837A840BE547083C /* MetalKit.framework */ = {isa = PBXBuildFile; fileRef = 305504367F8D913F61C052D1; settings = { ATTRIBUTES = (Weak, ); }; };
		96A5510A0EFDB9E8200944BA /* include_juce_events.mm */ = {isa = PBXBuildFile; fileRef = CD794E577B30D41CE30602CB; };
		99BFA75774774F48DAD871EE /* QuartzCore.framework */ = {isa = PBXBuildFile; fileRef = 738875D79F9AC782BF3692C0; };
		AC785B29EEA839EAC35529F6 /* VST3 Manifest Helper */ = {isa = PBXBuildFile; fileRef = F27C9710DF1EC169AD3F4C18; };
		AEB28C8B80E9B62682B6456B /* DiscRecording.framework */ = {isa = PBXBuildFile; fileRef = C27D286BE0D8F01AE93462FA; };
		B92468DB4BB51BA618628AB4 /* Accelerate.framework */ = {isa = PBXBuildFile; fileRef = 035C13C529C20689FB38435F; };
		CAD76A0EDAA389F8EC1F0202 /* include_juce_audio_utils.mm */ = {isa = PBXBuildFile; fileRef = EB2E154EBA0719CF237F338D; };
		CB129B31B8DE4BBFAE5CF566 /* include_juce_audio_plugin_client_Standalone.cpp */ = {isa = PBXBuildFile; fileRef = EA0717399BF6DCAFEF30BDD4; };
		D5459DD74D7798A0065A6670 /* CoreMIDI.framework */ = {isa = PBXBuildFile; fileRef = 268E2CF077AB3770B7EF502D; };
		D63B648CEBE57D478D084A65 /* CoreAudioKit.framework */ = {isa = PBXBuildFile; fileRef = 43F95FFA312DEDFE5AEEA3D0; };
		E1181D55F6114302EC0B6B60 /* include_juce_core.mm */ = {isa = PBXBuildFile; fileRef = C2F30346CA15A91AB305DDAF; };
		E39448DB2092AD298BD4EFB3 /* include_juce_graphics.mm */ = {isa = PBXBuildFile; fileRef = 8FD14295C015D45F1B399BB4; };
		E62FEBF9B3D0C74E1BEDAE21 /* Cocoa.framework */ = {isa = PBXBuildFile; fileRef = 990EE2C9D1533EC44DC35632; };
		EAB6DACC2CD35330B1DD7673 /* CoreAudio.framework */ = {isa = PBXBuildFile; fileRef = 151846B9E4A7437E3DA18B5E; };
		FD6D1EF80E82F613817FE203 /* VST3 */ = {isa = PBXBuildFile; fileRef = 934D283DDB0EE014964A5014; };
/* End PBXBuildFile section */

/* Begin PBXFileReference section */
		02CDC6CADC752E7912D2B1A0 /* WebKit.framework */ /* WebKit.framework */ = {isa = PBXFileReference; lastKnownFileType = wrapper.framework; name = WebKit.framework; path = System/Library/Frameworks/WebKit.framework; sourceTree = SDKROOT; };
		035C13C529C20689FB38435F /* Accelerate.framework */ /* Accelerate.framework */ = {isa = PBXFileReference; lastKnownFileType = wrapper.framework; name = Accelerate.framework; path = System/Library/Frameworks/Accelerate.framework; sourceTree = SDKROOT; };
		08572AFAB74E666AD60A67AD /* juce_core */ /* juce_core */ = {isa = PBXFileReference; lastKnownFileType = folder; name = juce_core; path = /Applications/JUCE/modules/juce_core; sourceTree = "<absolute>"; };
		0C369F29A5622DDAB2CD50F7 /* juce_audio_utils */ /* juce_audio_utils */ = {isa = PBXFileReference; lastKnownFileType = folder; name = juce_audio_utils; path = /Applications/JUCE/modules/juce_audio_utils; sourceTree = "<absolute>"; };
		15041464A71C34113E34E2CB /* JuceHeader.h */ /* JuceHeader.h */ = {isa = PBXFileReference; lastKnownFileType = sourcecode.c.h; name = JuceHeader.h; path = ../../JuceLibraryCode/JuceHeader.h; sourceTree = SOURCE_ROOT; };
		151846B9E4A7437E3DA18B5E /* CoreAudio.framework */ /* CoreAudio.framework */ = {isa = PBXFileReference; lastKnownFileType = wrapper.framework; name = CoreAudio.framework; path = System/Library/Frameworks/CoreAudio.framework; sourceTree = SDKROOT; };
		167817E4933BB885586D477F /* RecentFilesMenuTemplate.nib */ /* RecentFilesMenuTemplate.nib */ = {isa = PBXFileReference; lastKnownFileType = file.nib; name = RecentFilesMenuTemplate.nib; path = RecentFilesMenuTemplate.nib; sourceTree = SOURCE_ROOT; };
		1874B5AF0E522201142B6BB1 /* include_juce_audio_basics.mm */ /* include_juce_audio_basics.mm */ = {isa = PBXFileReference; lastKnownFileType = sourcecode.cpp.objcpp; name = include_juce_audio_basics.mm; path = ../../JuceLibraryCode/include_juce_audio_basics.mm; sourceTree = SOURCE_ROOT; };
		1D9A0F98395C84FFE099D118 /* PluginEditorGui.h */ /* PluginEditorGui.h */ = {isa = PBXFileReference; lastKnownFileType = sourcecode.c.h; name = PluginEditorGui.h; path = ../../Source/PluginEditorGui.h; sourceTree = SOURCE_ROOT; };
		1E1F2008EBA35D01FFD40322 /* LfoOscillator.h */ /* LfoOscillator.h */ = {isa = PBXFileReference; lastKnownFileType = sourcecode.c.h; name = LfoOscillator.h; path = ../../Source/LfoOscillator.h; sourceTree = SOURCE_ROOT; };
		1F7BF8A6871DD91D9F6A9EB0 /* juce_events */ /* juce_events */ = {isa = PBXFileReference; lastKnownFileType = folder; name = juce_events; path = /Applications/JUCE/modules/juce_events; sourceTree = "<absolute>"; };
		202522A82DC29F45B756BC94 /* PluginProcessor.cpp */ /* PluginProcessor.cpp */ = {isa = PBXFileReference; lastKnownFileType = sourcecode.cpp.cpp; name = PluginProcessor.cpp; path = ../../Source/PluginProcessor.cpp; sourceTree = SOURCE_ROOT; };
		268E2CF077AB3770B7EF502D /* CoreMIDI.framework */ /* CoreMIDI.framework */ = {isa = PBXFileReference; lastKnownFileType = wrapper.framework; name = CoreMIDI.framework; path = System/Library/Frameworks/CoreMIDI.framework; sourceTree = SDKROOT; };
		2C0CCEC5A25CDAF5D763916C /* juce_audio_devices */ /* juce_audio_devices */ = {isa = PBXFileReference; lastKnownFileType = folder; name = juce_audio_devices; path = /Applications/JUCE/modules/juce_audio_devices; sourceTree = "<absolute>"; };
		305504367F8D913F61C052D1 /* MetalKit.framework */ /* MetalKit.framework */ = {isa = PBXFileReference; lastKnownFileType = wrapper.framework; name = MetalKit.framework; path = System/Library/Frameworks/MetalKit.framework; sourceTree = SDKROOT; };
		3DDABC6862EE37504648C484 /* Standalone Plugin */ = {isa = PBXFileReference; explicitFileType = wrapper.application; includeInIndex = 0; path = RingWormModulator.app; sourceTree = BUILT_PRODUCTS_DIR; };
		43F95FFA312DEDFE5AEEA3D0 /* CoreAudioKit.framework */ /* CoreAudioKit.framework */ = {isa = PBXFileReference; lastKnownFileType = wrapper.framework; name = CoreAudioKit.framework; path = System/Library/Frameworks/CoreAudioKit.framework; sourceTree = SDKROOT; };
		5C1167DBB22301D9F1924980 /* include_juce_audio_processors_ara.cpp */ /* include_juce_audio_processors_ara.cpp */ = {isa = PBXFileReference; lastKnownFileType = sourcecode.cpp.cpp; name = include_juce_audio_processors_ara.cpp; path = ../../JuceLibraryCode/include_juce_audio_processors_ara.cpp; sourceTree = SOURCE_ROOT; };
		5F5BBE9E18F9060A7E2ABC39 /* Info-VST3.plist */ /* Info-VST3.plist */ = {isa = PBXFileReference; lastKnownFileType = text.plist.xml; name = "Info-VST3.plist"; path = "Info-VST3.plist"; sourceTree = SOURCE_ROOT; };
		636189E83C5ADE9D09801A28 /* include_juce_gui_basics.mm */ /* include_juce_gui_basics.mm */ = {isa = PBXFileReference; lastKnownFileType = sourcecode.cpp.objcpp; name = include_juce_gui_basics.mm; path = ../../JuceLibraryCode/include_juce_gui_basics.mm; sourceTree = SOURCE_ROOT; };
		6A123FF0EDAE6D835EA53816 /* DryWet.h */ /* DryWet.h */ = {isa = PBXFileReference; lastKnownFileType = sourcecode.c.h; name = DryWet.h; path = ../../Source/DryWet.h; sourceTree = SOURCE_ROOT; };
		71B412BE80BC5A4516503560 /* include_juce_audio_devices.mm */ /* include_juce_audio_devices.mm */ = {isa = PBXFileReference; lastKnownFileType = sourcecode.cpp.objcpp; name = include_juce_audio_devices.mm; path = ../../JuceLibraryCode/include_juce_audio_devices.mm; sourceTree = SOURCE_ROOT; };
		738875D79F9AC782BF3692C0 /* QuartzCore.framework */ /* QuartzCore.framework */ = {isa = PBXFileReference; lastKnownFileType = wrapper.framework; name = QuartzCore.framework; path = System/Library/Frameworks/QuartzCore.framework; sourceTree = SDKROOT; };
		757C406566B14B132C34A492 /* include_juce_audio_plugin_client_ARA.cpp */ /* include_juce_audio_plugin_client_ARA.cpp */ = {isa = PBXFileReference; lastKnownFileType = sourcecode.cpp.cpp; name = include_juce_audio_plugin_client_ARA.cpp; path = ../../JuceLibraryCode/include_juce_audio_plugin_client_ARA.cpp; sourceTree = SOURCE_ROOT; };
		79DB6F7F31654494B32A3185 /* juce_VST3ManifestHelper.mm */ /* juce_VST3ManifestHelper.mm */ = {isa = PBXFileReference; lastKnownFileType = sourcecode.cpp.objcpp; name = juce_VST3ManifestHelper.mm; path = /Applications/JUCE/modules/juce_audio_plugin_client/VST3/juce_VST3ManifestHelper.mm; sourceTree = "<absolute>"; };
		7BFEBD8DC4183127F39E3472 /* IOKit.framework */ /* IOKit.framework */ = {isa = PBXFileReference; lastKnownFileType = wrapper.framework; name = IOKit.framework; path = System/Library/Frameworks/IOKit.framework; sourceTree = SDKROOT; };
		7F9842FF6A8D396775B8D8D8 /* Info-VST3_Manifest_Helper.plist */ /* Info-VST3_Manifest_Helper.plist */ = {isa = PBXFileReference; lastKnownFileType = text.plist.xml; name = "Info-VST3_Manifest_Helper.plist"; path = "Info-VST3_Manifest_Helper.plist"; sourceTree = SOURCE_ROOT; };
		812D917D0087F48C04408E24 /* PluginEditorGui.cpp */ /* PluginEditorGui.cpp */ = {isa = PBXFileReference; lastKnownFileType = sourcecode.cpp.cpp; name = PluginEditorGui.cpp; path = ../../Source/PluginEditorGui.cpp; sourceTree = SOURCE_ROOT; };
		846C48DF2DDE3B9DE073E461 /* juce_gui_extra */ /* juce_gui_extra */ = {isa = PBXFileReference; lastKnownFileType = folder; name = juce_gui_extra; path = /Applications/JUCE/modules/juce_gui_extra; sourceTree = "<absolute>"; };
		8FD14295C015D45F1B399BB4 /* include_juce_graphics.mm */ /* include_juce_graphics.mm */ = {isa = PBXFileReference; lastKnownFileType = sourcecode.cpp.objcpp; name = include_juce_graphics.mm; path = ../../JuceLibraryCode/include_juce_graphics.mm; sourceTree = SOURCE_ROOT; };
		91466A534F61FE23091E88D9 /* include_juce_audio_processors_lv2_libs.cpp */ /* include_juce_audio_processors_lv2_libs.cpp */ = {isa = PBXFileReference; lastKnownFileType = sourcecode.cpp.cpp; name = include_juce_audio_processors_lv2_libs.cpp; path = ../../JuceLibraryCode/include_juce_audio_processors_lv2_libs.cpp; sourceTree = SOURCE_ROOT; };
		934D283DDB0EE014964A5014 /* VST3 */ = {isa = PBXFileReference; explicitFileType = wrapper.cfbundle; includeInIndex = 0; path = RingWormModulator.vst3; sourceTree = BUILT_PRODUCTS_DIR; };
		9579CC3F8DFA3032AC998DE1 /* include_juce_audio_plugin_client_VST3.mm */ /* include_juce_audio_plugin_client_VST3.mm */ = {isa = PBXFileReference; lastKnownFileType = sourcecode.cpp.objcpp; name = include_juce_audio_plugin_client_VST3.mm; path = ../../JuceLibraryCode/include_juce_audio_plugin_client_VST3.mm; sourceTree = SOURCE_ROOT; };
		990EE2C9D1533EC44DC35632 /* Cocoa.framework */ /* Cocoa.framework */ = {isa = PBXFileReference; lastKnownFileType = wrapper.framework; name = Cocoa.framework; path = System/Library/Frameworks/Cocoa.framework; sourceTree = SDKROOT; };
		9AB3D10C65F0DA5C410C9738 /* AudioToolbox.framework */ /* AudioToolbox.framework */ = {isa = PBXFileReference; lastKnownFileType = wrapper.framework; name = AudioToolbox.framework; path = System/Library/Frameworks/AudioToolbox.framework; sourceTree = SDKROOT; };
		9C962AB8F3ECD7AF47C3740D /* juce_audio_basics */ /* juce_audio_basics */ = {isa = PBXFileReference; lastKnownFileType = folder; name = juce_audio_basics; path = /Applications/JUCE/modules/juce_audio_basics; sourceTree = "<absolute>"; };
		9ED7C75CF6BD46AD9142D7CA /* juce_gui_basics */ /* juce_gui_basics */ = {isa = PBXFileReference; lastKnownFileType = folder; name = juce_gui_basics; path = /Applications/JUCE/modules/juce_gui_basics; sourceTree = "<absolute>"; };
		9F10E4105A6C3A71EF33C501 /* Metal.framework */ /* Metal.framework */ = {isa = PBXFileReference; lastKnownFileType = wrapper.framework; name = Metal.framework; path = System/Library/Frameworks/Metal.framework; sourceTree = SDKROOT; };
		A0FD52884F5AB9A7D7410F76 /* Security.framework */ /* Security.framework */ = {isa = PBXFileReference; lastKnownFileType = wrapper.framework; name = Security.framework; path = System/Library/Frameworks/Security.framework; sourceTree = SDKROOT; };
		A835A6FC54812E89D9C60828 /* juce_audio_formats */ /* juce_audio_formats */ = {isa = PBXFileReference; lastKnownFileType = folder; name = juce_audio_formats; path = /Applications/JUCE/modules/juce_audio_formats; sourceTree = "<absolute>"; };
		AD3DC8D543C1809DD167651A /* include_juce_audio_processors.mm */ /* include_juce_audio_processors.mm */ = {isa = PBXFileReference; lastKnownFileType = sourcecode.cpp.objcpp; name = include_juce_audio_processors.mm; path = ../../JuceLibraryCode/include_juce_audio_processors.mm; sourceTree = SOURCE_ROOT; };
		AF74615121BEC64F7F281E4A /* Foundation.framework */ /* Foundation.framework */ = {isa = PBXFileReference; lastKnownFileType = wrapper.framework; name = Foundation.framework; path = System/Library/Frameworks/Foundation.framework; sourceTree = SDKROOT; };
		B9586E0EEA7D864E9EC8987D /* include_juce_gui_extra.mm */ /* include_juce_gui_extra.mm */ = {isa = PBXFileReference; lastKnownFileType = sourcecode.cpp.objcpp; name = include_juce_gui_extra.mm; path = ../../JuceLibraryCode/include_juce_gui_extra.mm; sourceTree = SOURCE_ROOT; };
		BC127CC7ECEBB3A70760BDC5 /* JucePluginDefines.h */ /* JucePluginDefines.h */ = {isa = PBXFileReference; lastKnownFileType = sourcecode.c.h; name = JucePluginDefines.h; path = ../../JuceLibraryCode/JucePluginDefines.h; sourceTree = SOURCE_ROOT; };
		C27D286BE0D8F01AE93462FA /* DiscRecording.framework */ /* DiscRecording.framework */ = {isa = PBXFileReference; lastKnownFileType = wrapper.framework; name = DiscRecording.framework; path = System/Library/Frameworks/DiscRecording.framework; sourceTree = SDKROOT; };
		C2F30346CA15A91AB305DDAF /* include_juce_core.mm */ /* include_juce_core.mm */ = {isa = PBXFileReference; lastKnownFileType = sourcecode.cpp.objcpp; name = include_juce_core.mm; path = ../../JuceLibraryCode/include_juce_core.mm; sourceTree = SOURCE_ROOT; };
		CD794E577B30D41CE30602CB /* include_juce_events.mm */ /* include_juce_events.mm */ = {isa = PBXFileReference; lastKnownFileType = sourcecode.cpp.objcpp; name = include_juce_events.mm; path = ../../JuceLibraryCode/include_juce_events.mm; sourceTree = SOURCE_ROOT; };
		CDF5BEF04671B7FB3203DBB2 /* juce_audio_processors */ /* juce_audio_processors */ = {isa = PBXFileReference; lastKnownFileType = folder; name = juce_audio_processors; path = /Applications/JUCE/modules/juce_audio_processors; sourceTree = "<absolute>"; };
		DAE4F464F304EA724A12B5BE /* include_juce_data_structures.mm */ /* include_juce_data_structures.mm */ = {isa = PBXFileReference; lastKnownFileType = sourcecode.cpp.objcpp; name = include_juce_data_structures.mm; path = ../../JuceLibraryCode/include_juce_data_structures.mm; sourceTree = SOURCE_ROOT; };
		DFB8C657C95219B462E242CF /* juce_data_structures */ /* juce_data_structures */ = {isa = PBXFileReference; lastKnownFileType = folder; name = juce_data_structures; path = /Applications/JUCE/modules/juce_data_structures; sourceTree = "<absolute>"; };
		E33CB826C933AF8313F3D6DE /* include_juce_audio_formats.mm */ /* include_juce_audio_formats.mm */ = {isa = PBXFileReference; lastKnownFileType = sourcecode.cpp.objcpp; name = include_juce_audio_formats.mm; path = ../../JuceLibraryCode/include_juce_audio_formats.mm; sourceTree = SOURCE_ROOT; };
		E37EBA47FE85098F2BFB77EE /* juce_graphics */ /* juce_graphics */ = {isa = PBXFileReference; lastKnownFileType = folder; name = juce_graphics; path = /Applications/JUCE/modules/juce_graphics; sourceTree = "<absolute>"; };
		E50A4BFA43B8DD3F44E2E635 /* MyLookAndFeel.h */ /* MyLookAndFeel.h */ = {isa = PBXFileReference; lastKnownFileType = sourcecode.c.h; name = MyLookAndFeel.h; path = ../../Source/MyLookAndFeel.h; sourceTree = SOURCE_ROOT; };
		E65856FC80D86B9E55EE3612 /* Shared Code */ = {isa = PBXFileReference; explicitFileType = archive.ar; includeInIndex = 0; path = libRingWormModulator.a; sourceTree = BUILT_PRODUCTS_DIR; };
		EA0717399BF6DCAFEF30BDD4 /* include_juce_audio_plugin_client_Standalone.cpp */ /* include_juce_audio_plugin_client_Standalone.cpp */ = {isa = PBXFileReference; lastKnownFileType = sourcecode.cpp.cpp; name = include_juce_audio_plugin_client_Standalone.cpp; path = ../../JuceLibraryCode/include_juce_audio_plugin_client_Standalone.cpp; sourceTree = SOURCE_ROOT; };
		EB2E154EBA0719CF237F338D /* include_juce_audio_utils.mm */ /* include_juce_audio_utils.mm */ = {isa = PBXFileReference; lastKnownFileType = sourcecode.cpp.objcpp; name = include_juce_audio_utils.mm; path = ../../JuceLibraryCode/include_juce_audio_utils.mm; sourceTree = SOURCE_ROOT; };
		EE3FDC40884F6197B0AEA04F /* juce_audio_plugin_client */ /* juce_audio_plugin_client */ = {isa = PBXFileReference; lastKnownFileType = folder; name = juce_audio_plugin_client; path = /Applications/JUCE/modules/juce_audio_plugin_client; sourceTree = "<absolute>"; };
		F27C9710DF1EC169AD3F4C18 /* VST3 Manifest Helper */ = {isa = PBXFileReference; explicitFileType = "compiled.mach-o.executable"; includeInIndex = 0; path = juce_vst3_helper; sourceTree = BUILT_PRODUCTS_DIR; };
		F422850DB08CFA8F4D393701 /* Oscillator.h */ /* Oscillator.h */ = {isa = PBXFileReference; lastKnownFileType = sourcecode.c.h; name = Oscillator.h; path = ../../Source/Oscillator.h; sourceTree = SOURCE_ROOT; };
		F7ABA8B14C9887645D6A80C9 /* PluginProcessor.h */ /* PluginProcessor.h */ = {isa = PBXFileReference; lastKnownFileType = sourcecode.c.h; name = PluginProcessor.h; path = ../../Source/PluginProcessor.h; sourceTree = SOURCE_ROOT; };
		F800259AB94343BA28C1FB7F /* Info-Standalone_Plugin.plist */ /* Info-Standalone_Plugin.plist */ = {isa = PBXFileReference; lastKnownFileType = text.plist.xml; name = "Info-Standalone_Plugin.plist"; path = "Info-Standalone_Plugin.plist"; sourceTree = SOURCE_ROOT; };
/* End PBXFileReference section */

/* Begin PBXFrameworksBuildPhase section */
		7A3FD22B34BDB55233674EA9 = {
			isa = PBXFrameworksBuildPhase;
			buildActionMask = 2147483647;
			files = (
				B92468DB4BB51BA618628AB4,
				4F94D82911069D5061E1BBB4,
				E62FEBF9B3D0C74E1BEDAE21,
				EAB6DACC2CD35330B1DD7673,
				D63B648CEBE57D478D084A65,
				D5459DD74D7798A0065A6670,
				AEB28C8B80E9B62682B6456B,
				89A553AB2C0CF7537451B3D4,
				49C17812B780F69FE85BDB29,
				99BFA75774774F48DAD871EE,
				1038FBB24954529649BF8FC4,
				03733ED79F5490EB306D16EE,
				54618D0E1AD05B0F536B0410,
				9507CF7A837A840BE547083C,
			);
			runOnlyForDeploymentPostprocessing = 0;
		};
		AFD9335C08DD776638EB579C = {
			isa = PBXFrameworksBuildPhase;
			buildActionMask = 2147483647;
			files = (
				B92468DB4BB51BA618628AB4,
				4F94D82911069D5061E1BBB4,
				E62FEBF9B3D0C74E1BEDAE21,
				EAB6DACC2CD35330B1DD7673,
				D63B648CEBE57D478D084A65,
				D5459DD74D7798A0065A6670,
				AEB28C8B80E9B62682B6456B,
				89A553AB2C0CF7537451B3D4,
				49C17812B780F69FE85BDB29,
				99BFA75774774F48DAD871EE,
				1038FBB24954529649BF8FC4,
				03733ED79F5490EB306D16EE,
				54618D0E1AD05B0F536B0410,
				9507CF7A837A840BE547083C,
			);
			runOnlyForDeploymentPostprocessing = 0;
		};
		C8C286E83B949898395CF0FD = {
			isa = PBXFrameworksBuildPhase;
			buildActionMask = 2147483647;
			files = (
				B92468DB4BB51BA618628AB4,
				4F94D82911069D5061E1BBB4,
				E62FEBF9B3D0C74E1BEDAE21,
				EAB6DACC2CD35330B1DD7673,
				D63B648CEBE57D478D084A65,
				D5459DD74D7798A0065A6670,
				AEB28C8B80E9B62682B6456B,
				89A553AB2C0CF7537451B3D4,
				49C17812B780F69FE85BDB29,
				99BFA75774774F48DAD871EE,
				1038FBB24954529649BF8FC4,
				03733ED79F5490EB306D16EE,
				54618D0E1AD05B0F536B0410,
				9507CF7A837A840BE547083C,
			);
			runOnlyForDeploymentPostprocessing = 0;
		};
/* End PBXFrameworksBuildPhase section */

/* Begin PBXGroup section */
		019CAF6006EE56AC229734D1 /* Source */ = {
			isa = PBXGroup;
			children = (
				C50DE4809C2CAA84A6A4096A,
				DE2C4841C7CD4F9D072CDA6E,
				97634351A600E4735908421A,
				CF5E5931C1F15F23D5528908,
				DDF49CF686F3E732986F396B,
				936C2251AA49F84FEB8FD419,
			);
			name = Source;
			sourceTree = "<group>";
		};
		7C926C56E4C6967B9E121FA4 /* DSP  */ = {
			isa = PBXGroup;
			children = (
				F422850DB08CFA8F4D393701,
				1E1F2008EBA35D01FFD40322,
				6A123FF0EDAE6D835EA53816,
			);
			name = "DSP ";
			sourceTree = "<group>";
		};
		936C2251AA49F84FEB8FD419 /* Products */ = {
			isa = PBXGroup;
			children = (
				934D283DDB0EE014964A5014,
				3DDABC6862EE37504648C484,
				E65856FC80D86B9E55EE3612,
				F27C9710DF1EC169AD3F4C18,
			);
			name = Products;
			sourceTree = "<group>";
		};
		97634351A600E4735908421A /* JUCE Library Code */ = {
			isa = PBXGroup;
			children = (
				1874B5AF0E522201142B6BB1,
				71B412BE80BC5A4516503560,
				E33CB826C933AF8313F3D6DE,
				757C406566B14B132C34A492,
				EA0717399BF6DCAFEF30BDD4,
				9579CC3F8DFA3032AC998DE1,
				AD3DC8D543C1809DD167651A,
				5C1167DBB22301D9F1924980,
				91466A534F61FE23091E88D9,
				EB2E154EBA0719CF237F338D,
				C2F30346CA15A91AB305DDAF,
				DAE4F464F304EA724A12B5BE,
				CD794E577B30D41CE30602CB,
				8FD14295C015D45F1B399BB4,
				636189E83C5ADE9D09801A28,
				B9586E0EEA7D864E9EC8987D,
				15041464A71C34113E34E2CB,
				BC127CC7ECEBB3A70760BDC5,
			);
			name = "JUCE Library Code";
			sourceTree = "<group>";
		};
		A6BF0B58AB56B1F1E125D46B /* Source */ = {
			isa = PBXGroup;
			children = (
				BD1A0608CF87C399D9A221D6,
				7C926C56E4C6967B9E121FA4,
				202522A82DC29F45B756BC94,
				F7ABA8B14C9887645D6A80C9,
			);
			name = Source;
			sourceTree = "<group>";
		};
		BD1A0608CF87C399D9A221D6 /* GUI */ = {
			isa = PBXGroup;
			children = (
				812D917D0087F48C04408E24,
				1D9A0F98395C84FFE099D118,
				E50A4BFA43B8DD3F44E2E635,
			);
			name = GUI;
			sourceTree = "<group>";
		};
		C50DE4809C2CAA84A6A4096A /* RingWormModulator */ = {
			isa = PBXGroup;
			children = (
				A6BF0B58AB56B1F1E125D46B,
			);
			name = RingWormModulator;
			sourceTree = "<group>";
		};
		CF5E5931C1F15F23D5528908 /* Resources */ = {
			isa = PBXGroup;
			children = (
				5F5BBE9E18F9060A7E2ABC39,
				F800259AB94343BA28C1FB7F,
				7F9842FF6A8D396775B8D8D8,
				167817E4933BB885586D477F,
			);
			name = Resources;
			sourceTree = "<group>";
		};
		DDF49CF686F3E732986F396B /* Frameworks */ = {
			isa = PBXGroup;
			children = (
				035C13C529C20689FB38435F,
				9AB3D10C65F0DA5C410C9738,
				990EE2C9D1533EC44DC35632,
				151846B9E4A7437E3DA18B5E,
				43F95FFA312DEDFE5AEEA3D0,
				268E2CF077AB3770B7EF502D,
				C27D286BE0D8F01AE93462FA,
				AF74615121BEC64F7F281E4A,
				7BFEBD8DC4183127F39E3472,
				738875D79F9AC782BF3692C0,
				A0FD52884F5AB9A7D7410F76,
				02CDC6CADC752E7912D2B1A0,
				9F10E4105A6C3A71EF33C501,
				305504367F8D913F61C052D1,
			);
			name = Frameworks;
			sourceTree = "<group>";
		};
		DE2C4841C7CD4F9D072CDA6E /* JUCE Modules */ = {
			isa = PBXGroup;
			children = (
				9C962AB8F3ECD7AF47C3740D,
				2C0CCEC5A25CDAF5D763916C,
				A835A6FC54812E89D9C60828,
				EE3FDC40884F6197B0AEA04F,
				CDF5BEF04671B7FB3203DBB2,
				0C369F29A5622DDAB2CD50F7,
				08572AFAB74E666AD60A67AD,
				DFB8C657C95219B462E242CF,
				1F7BF8A6871DD91D9F6A9EB0,
				E37EBA47FE85098F2BFB77EE,
				9ED7C75CF6BD46AD9142D7CA,
				846C48DF2DDE3B9DE073E461,
			);
			name = "JUCE Modules";
			sourceTree = "<group>";
		};
/* End PBXGroup section */

/* Begin PBXNativeTarget section */
		62F714CCCDFA15195B4D8A75 /* RingWormModulator - VST3 */ = {
			isa = PBXNativeTarget;
			buildConfigurationList = 31335C04F607FCA04E58C001;
			buildPhases = (
				CCD7B8CDCA8919E7813F96AF,
				17CA74091C2E3FCEAFD07CFC,
				AFD9335C08DD776638EB579C,
				E6D2627D29089882D2D6EACC,
				55764AC7D02FC72C347FB4E3,
			);
			buildRules = (
			);
			dependencies = (
				E94B86A9C577AE3435163865,
				6CB512252C808FA409B60309,
			);
			name = "RingWormModulator - VST3";
			productName = RingWormModulator;
			productReference = 934D283DDB0EE014964A5014;
			productType = "com.apple.product-type.bundle";
		};
		C439BBC0CC25C201831B3D24 /* RingWormModulator - Shared Code */ = {
			isa = PBXNativeTarget;
			buildConfigurationList = F61C731599FBF073FC941732;
			buildPhases = (
				321DC29C409AE93CA7046064,
			);
			buildRules = (
			);
			dependencies = (
			);
			name = "RingWormModulator - Shared Code";
			productName = RingWormModulator;
			productReference = E65856FC80D86B9E55EE3612;
			productType = "com.apple.product-type.library.static";
		};
		D4B0C548ACE8ACAD860F7699 /* RingWormModulator - Standalone Plugin */ = {
			isa = PBXNativeTarget;
			buildConfigurationList = 7CDCD939C317A0DF00C2CF55;
			buildPhases = (
				4CE1B48641B65C538AFB5936,
				107722820B200DB7DFD25A6F,
				7A3FD22B34BDB55233674EA9,
			);
			buildRules = (
			);
			dependencies = (
				5418C05AA9D7CB59A0792159,
			);
			name = "RingWormModulator - Standalone Plugin";
			productName = RingWormModulator;
			productReference = 3DDABC6862EE37504648C484;
			productType = "com.apple.product-type.application";
		};
		F4E9B61AE5D036DD0BCBC91E /* RingWormModulator - VST3 Manifest Helper */ = {
			isa = PBXNativeTarget;
			buildConfigurationList = 7BD45605CA474ED98BC33AEC;
			buildPhases = (
				39649E4F2853E4E1948BB409,
				C8C286E83B949898395CF0FD,
			);
			buildRules = (
			);
			dependencies = (
			);
			name = "RingWormModulator - VST3 Manifest Helper";
			productName = RingWormModulator;
			productReference = F27C9710DF1EC169AD3F4C18;
			productType = "com.apple.product-type.tool";
		};
/* End PBXNativeTarget section */

/* Begin PBXProject section */
		DF8D7CBA8FC33650BDF59334 = {
			isa = PBXProject;
			attributes = {
				BuildIndependentTargetsInParallel = YES;
				LastUpgradeCheck = 1340;
				ORGANIZATIONNAME = "";
				TargetAttributes = {
					62F714CCCDFA15195B4D8A75 = {
						SystemCapabilities = {
							com.apple.ApplicationGroups.iOS = {
								enabled = 0;
							};
							com.apple.HardenedRuntime = {
								enabled = 0;
							};
							com.apple.InAppPurchase = {
								enabled = 0;
							};
							com.apple.InterAppAudio = {
								enabled = 0;
							};
							com.apple.Push = {
								enabled = 0;
							};
							com.apple.Sandbox = {
								enabled = 0;
							};
						};
					};
					B527C0DFA1F68BF6DA9823C4 = {
						SystemCapabilities = {
							com.apple.ApplicationGroups.iOS = {
								enabled = 0;
							};
							com.apple.HardenedRuntime = {
								enabled = 0;
							};
							com.apple.InAppPurchase = {
								enabled = 0;
							};
							com.apple.InterAppAudio = {
								enabled = 0;
							};
							com.apple.Push = {
								enabled = 0;
							};
							com.apple.Sandbox = {
								enabled = 0;
							};
						};
					};
					C439BBC0CC25C201831B3D24 = {
						SystemCapabilities = {
							com.apple.ApplicationGroups.iOS = {
								enabled = 0;
							};
							com.apple.HardenedRuntime = {
								enabled = 0;
							};
							com.apple.InAppPurchase = {
								enabled = 0;
							};
							com.apple.InterAppAudio = {
								enabled = 0;
							};
							com.apple.Push = {
								enabled = 0;
							};
							com.apple.Sandbox = {
								enabled = 0;
							};
						};
					};
					D4B0C548ACE8ACAD860F7699 = {
						SystemCapabilities = {
							com.apple.ApplicationGroups.iOS = {
								enabled = 0;
							};
							com.apple.HardenedRuntime = {
								enabled = 0;
							};
							com.apple.InAppPurchase = {
								enabled = 0;
							};
							com.apple.InterAppAudio = {
								enabled = 0;
							};
							com.apple.Push = {
								enabled = 0;
							};
							com.apple.Sandbox = {
								enabled = 0;
							};
						};
					};
					F4E9B61AE5D036DD0BCBC91E = {
						SystemCapabilities = {
							com.apple.ApplicationGroups.iOS = {
								enabled = 0;
							};
							com.apple.HardenedRuntime = {
								enabled = 0;
							};
							com.apple.InAppPurchase = {
								enabled = 0;
							};
							com.apple.InterAppAudio = {
								enabled = 0;
							};
							com.apple.Push = {
								enabled = 0;
							};
							com.apple.Sandbox = {
								enabled = 0;
							};
						};
					};
				};
			};
			buildConfigurationList = DBA4A9D4C8B4F340B9FED239;
			compatibilityVersion = "Xcode 3.2";
			hasScannedForEncodings = 0;
			knownRegions = (
				en,
				Base,
			);
			mainGroup = 019CAF6006EE56AC229734D1;
			projectDirPath = "";
			projectRoot = "";
			targets = (
				B527C0DFA1F68BF6DA9823C4,
				62F714CCCDFA15195B4D8A75,
				D4B0C548ACE8ACAD860F7699,
				C439BBC0CC25C201831B3D24,
				F4E9B61AE5D036DD0BCBC91E,
			);
		};
/* End PBXProject section */

/* Begin PBXResourcesBuildPhase section */
		4CE1B48641B65C538AFB5936 = {
			isa = PBXResourcesBuildPhase;
			buildActionMask = 2147483647;
			files = (
				66703B84D166F1F89216450F,
			);
			runOnlyForDeploymentPostprocessing = 0;
		};
		CCD7B8CDCA8919E7813F96AF = {
			isa = PBXResourcesBuildPhase;
			buildActionMask = 2147483647;
			files = (
				66703B84D166F1F89216450F,
			);
			runOnlyForDeploymentPostprocessing = 0;
		};
/* End PBXResourcesBuildPhase section */

/* Begin PBXShellScriptBuildPhase section */
		55764AC7D02FC72C347FB4E3 /* Plugin Copy Step */ = {
			isa = PBXShellScriptBuildPhase;
			buildActionMask = 2147483647;
			files = (
			);
			runOnlyForDeploymentPostprocessing = 0;
			name = "Plugin Copy Step";
			alwaysOutOfDate = 1;
			shellPath = /bin/sh;
			shellScript = "set -euo pipefail\n\nif [[ \"${CONFIGURATION}\" == \"Debug\" ]]; then\n  destinationPlugin=\"${HOME}/Library/Audio/Plug-Ins/VST3//$(basename \"${TARGET_BUILD_DIR}/${FULL_PRODUCT_NAME}\")\"\n  echo Running rm -rf \\\"${destinationPlugin}\\\"\n  rm -rf \"${destinationPlugin}\"\n  echo Running ditto \\\"${TARGET_BUILD_DIR}/${FULL_PRODUCT_NAME}\\\" \\\"${destinationPlugin}\\\"\n  ditto \"${TARGET_BUILD_DIR}/${FULL_PRODUCT_NAME}\" \"${destinationPlugin}\"\n\n  if [[ -n \"${EXPANDED_CODE_SIGN_IDENTITY-}\" ]]; then\n    if [[ -n \"${CODE_SIGN_ENTITLEMENTS-}\" ]]; then\n      entitlementsArg=(--entitlements \"${CODE_SIGN_ENTITLEMENTS}\")\n    fi\n\n    echo Signing Identity: \\\"${EXPANDED_CODE_SIGN_IDENTITY_NAME}\\\"\n    echo Running codesign --verbose=4 --force --sign \\\"${EXPANDED_CODE_SIGN_IDENTITY}\\\" ${entitlementsArg[*]-} ${OTHER_CODE_SIGN_FLAGS-} \\\"${HOME}/Library/Audio/Plug-Ins/VST3//${FULL_PRODUCT_NAME}\\\"\n    codesign --verbose=4 --force --sign \"${EXPANDED_CODE_SIGN_IDENTITY}\" ${entitlementsArg[*]-} ${OTHER_CODE_SIGN_FLAGS-} \"${HOME}/Library/Audio/Plug-Ins/VST3//${FULL_PRODUCT_NAME}\"\n  fi\nfi\n\nif [[ \"${CONFIGURATION}\" == \"Release\" ]]; then\n  destinationPlugin=\"${HOME}/Library/Audio/Plug-Ins/VST3//$(basename \"${TARGET_BUILD_DIR}/${FULL_PRODUCT_NAME}\")\"\n  echo Running rm -rf \\\"${destinationPlugin}\\\"\n  rm -rf \"${destinationPlugin}\"\n  echo Running ditto \\\"${TARGET_BUILD_DIR}/${FULL_PRODUCT_NAME}\\\" \\\"${destinationPlugin}\\\"\n  ditto \"${TARGET_BUILD_DIR}/${FULL_PRODUCT_NAME}\" \"${destinationPlugin}\"\n\n  if [[ -n \"${EXPANDED_CODE_SIGN_IDENTITY-}\" ]]; then\n    if [[ -n \"${CODE_SIGN_ENTITLEMENTS-}\" ]]; then\n      entitlementsArg=(--entitlements \"${CODE_SIGN_ENTITLEMENTS}\")\n    fi\n\n    echo Signing Identity: \\\"${EXPANDED_CODE_SIGN_IDENTITY_NAME}\\\"\n    echo Running codesign --verbose=4 --force --sign \\\"${EXPANDED_CODE_SIGN_IDENTITY}\\\" ${entitlementsArg[*]-} ${OTHER_CODE_SIGN_FLAGS-} \\\"${HOME}/Library/Audio/Plug-Ins/VST3//${FULL_PRODUCT_NAME}\\\"\n    codesign --verbose=4 --force --sign \"${EXPANDED_CODE_SIGN_IDENTITY}\" ${entitlementsArg[*]-} ${OTHER_CODE_SIGN_FLAGS-} \"${HOME}/Library/Audio/Plug-Ins/VST3//${FULL_PRODUCT_NAME}\"\n  fi\nfi\n";
		};
		E6D2627D29089882D2D6EACC /* Update manifest */ = {
			isa = PBXShellScriptBuildPhase;
			buildActionMask = 2147483647;
			files = (
			);
			runOnlyForDeploymentPostprocessing = 0;
			name = "Update manifest";
			alwaysOutOfDate = 1;
			shellPath = /bin/sh;
			shellScript = "set -euo pipefail\n\necho Running codesign --verbose=4 --force --sign - \\\"${CONFIGURATION_BUILD_DIR}/${FULL_PRODUCT_NAME}\\\"\ncodesign --verbose=4 --force --sign - \"${CONFIGURATION_BUILD_DIR}/${FULL_PRODUCT_NAME}\"\n\necho Running \\\"${CONFIGURATION_BUILD_DIR}/juce_vst3_helper\\\" -create -version \\\"1.0.0\\\" -path \\\"${CONFIGURATION_BUILD_DIR}/${FULL_PRODUCT_NAME}\\\" -output \\\"${CONFIGURATION_BUILD_DIR}/${FULL_PRODUCT_NAME}/Contents/Resources/moduleinfo.json\\\"\n\"${CONFIGURATION_BUILD_DIR}/juce_vst3_helper\" -create -version \"1.0.0\" -path \"${CONFIGURATION_BUILD_DIR}/${FULL_PRODUCT_NAME}\" -output \"${CONFIGURATION_BUILD_DIR}/${FULL_PRODUCT_NAME}/Contents/Resources/moduleinfo.json\"\n";
		};
/* End PBXShellScriptBuildPhase section */

/* Begin PBXSourcesBuildPhase section */
		107722820B200DB7DFD25A6F = {
			isa = PBXSourcesBuildPhase;
			buildActionMask = 2147483647;
			files = (
				CB129B31B8DE4BBFAE5CF566,
			);
			runOnlyForDeploymentPostprocessing = 0;
		};
		17CA74091C2E3FCEAFD07CFC = {
			isa = PBXSourcesBuildPhase;
			buildActionMask = 2147483647;
			files = (
				90B7CEAA76B2EEFAFE9A4D14,
			);
			runOnlyForDeploymentPostprocessing = 0;
		};
		321DC29C409AE93CA7046064 = {
			isa = PBXSourcesBuildPhase;
			buildActionMask = 2147483647;
			files = (
				78F80715E85DE8B3A2CB18B2,
				38DB771CFFC668EDFAB9DC0B,
				09CBCD41D4B84025500BF392,
				64A5E06820AE3B8C461133F2,
				713A5B0E8537B8D9FBF82130,
				377B4954549CFFF9565EA745,
				575D32965EA7013BD6DCB390,
				70A302BFDCF81E88B8AE48F6,
				5ADFC0DF14FA569F462AA109,
				CAD76A0EDAA389F8EC1F0202,
				E1181D55F6114302EC0B6B60,
				0E2F79D6DF12851F05F0CFE6,
				96A5510A0EFDB9E8200944BA,
				E39448DB2092AD298BD4EFB3,
				78C9E34B9E1E5DAF3A99F802,
				3E851DF68D5EFDB0ABBCB3FB,
			);
			runOnlyForDeploymentPostprocessing = 0;
		};
		39649E4F2853E4E1948BB409 = {
			isa = PBXSourcesBuildPhase;
			buildActionMask = 2147483647;
			files = (
				04E308A1B3AC97912823498B,
			);
			runOnlyForDeploymentPostprocessing = 0;
		};
/* End PBXSourcesBuildPhase section */

/* Begin PBXTargetDependency section */
		3D4ADFB51DCE735B44A369D0 = {
			isa = PBXTargetDependency;
			target = C439BBC0CC25C201831B3D24;
		};
		4C2DBB99ACF1C839C3E6B8A6 = {
			isa = PBXTargetDependency;
			target = 62F714CCCDFA15195B4D8A75;
		};
		5418C05AA9D7CB59A0792159 = {
			isa = PBXTargetDependency;
			target = C439BBC0CC25C201831B3D24;
		};
		5E2C5C9C02AC26BAACFA548A = {
			isa = PBXTargetDependency;
			target = F4E9B61AE5D036DD0BCBC91E;
		};
		6CB512252C808FA409B60309 = {
			isa = PBXTargetDependency;
			target = F4E9B61AE5D036DD0BCBC91E;
		};
		7BD4741CA48BDEEBF00EC2AA = {
			isa = PBXTargetDependency;
			target = D4B0C548ACE8ACAD860F7699;
		};
		E94B86A9C577AE3435163865 = {
			isa = PBXTargetDependency;
			target = C439BBC0CC25C201831B3D24;
		};
/* End PBXTargetDependency section */

/* Begin XCBuildConfiguration section */
		0413F1BC670C2CCEE5543819 /* Release */ = {
			isa = XCBuildConfiguration;
			buildSettings = {
				CLANG_CXX_LANGUAGE_STANDARD = "c++17";
				CLANG_CXX_LIBRARY = "libc++";
				CLANG_LINK_OBJC_RUNTIME = NO;
				COMBINE_HIDPI_IMAGES = YES;
				CONFIGURATION_BUILD_DIR = "$(PROJECT_DIR)/build/$(CONFIGURATION)";
				DEAD_CODE_STRIPPING = YES;
				EXCLUDED_ARCHS = "";
				GCC_GENERATE_DEBUGGING_SYMBOLS = NO;
				GCC_OPTIMIZATION_LEVEL = 3;
				GCC_PREPROCESSOR_DEFINITIONS = (
					"_NDEBUG=1",
					"NDEBUG=1",
					"JUCE_DISPLAY_SPLASH_SCREEN=1",
					"JUCE_USE_DARK_SPLASH_SCREEN=1",
					"JUCE_PROJUCER_VERSION=0x7000c",
					"JUCE_MODULE_AVAILABLE_juce_audio_basics=1",
					"JUCE_MODULE_AVAILABLE_juce_audio_devices=1",
					"JUCE_MODULE_AVAILABLE_juce_audio_formats=1",
					"JUCE_MODULE_AVAILABLE_juce_audio_plugin_client=1",
					"JUCE_MODULE_AVAILABLE_juce_audio_processors=1",
					"JUCE_MODULE_AVAILABLE_juce_audio_utils=1",
					"JUCE_MODULE_AVAILABLE_juce_core=1",
					"JUCE_MODULE_AVAILABLE_juce_data_structures=1",
					"JUCE_MODULE_AVAILABLE_juce_events=1",
					"JUCE_MODULE_AVAILABLE_juce_graphics=1",
					"JUCE_MODULE_AVAILABLE_juce_gui_basics=1",
					"JUCE_MODULE_AVAILABLE_juce_gui_extra=1",
					"JUCE_GLOBAL_MODULE_SETTINGS_INCLUDED=1",
					"JUCE_VST3_CAN_REPLACE_VST2=0",
					"JUCE_STRICT_REFCOUNTEDPOINTER=1",
					"JucePlugin_Build_VST=0",
					"JucePlugin_Build_VST3=0",
					"JucePlugin_Build_AU=0",
					"JucePlugin_Build_AUv3=0",
					"JucePlugin_Build_AAX=0",
					"JucePlugin_Build_Standalone=1",
					"JucePlugin_Build_Unity=0",
					"JucePlugin_Build_LV2=0",
					"JucePlugin_Enable_IAA=0",
					"JucePlugin_Enable_ARA=0",
					"JucePlugin_Name=\\\"RingWormModulator\\\"",
					"JucePlugin_Desc=\\\"RingWormModulator\\\"",
					"JucePlugin_Manufacturer=\\\"yourcompany\\\"",
					"JucePlugin_ManufacturerWebsite=\\\"www.yourcompany.com\\\"",
					"JucePlugin_ManufacturerEmail=\\\"\\\"",
					"JucePlugin_ManufacturerCode=0x4d616e75",
					"JucePlugin_PluginCode=0x58646b61",
					"JucePlugin_IsSynth=0",
					"JucePlugin_WantsMidiInput=0",
					"JucePlugin_ProducesMidiOutput=0",
					"JucePlugin_IsMidiEffect=0",
					"JucePlugin_EditorRequiresKeyboardFocus=0",
					"JucePlugin_Version=1.0.0",
					"JucePlugin_VersionCode=0x10000",
					"JucePlugin_VersionString=\\\"1.0.0\\\"",
					"JucePlugin_VSTUniqueID=JucePlugin_PluginCode",
					"JucePlugin_VSTCategory=kPlugCategEffect",
					"JucePlugin_Vst3Category=\\\"Fx\\\"",
					"JucePlugin_AUMainType=\\'aufx\\'",
					"JucePlugin_AUSubType=JucePlugin_PluginCode",
					"JucePlugin_AUExportPrefix=RingWormModulatorAU",
					"JucePlugin_AUExportPrefixQuoted=\\\"RingWormModulatorAU\\\"",
					"JucePlugin_AUManufacturerCode=JucePlugin_ManufacturerCode",
					"JucePlugin_CFBundleIdentifier=com.yourcompany.RingWormModulator",
					"JucePlugin_AAXIdentifier=com.yourcompany.RingWormModulator",
					"JucePlugin_AAXManufacturerCode=JucePlugin_ManufacturerCode",
					"JucePlugin_AAXProductId=JucePlugin_PluginCode",
					"JucePlugin_AAXCategory=0",
					"JucePlugin_AAXDisableBypass=0",
					"JucePlugin_AAXDisableMultiMono=0",
					"JucePlugin_IAAType=0x61757278",
					"JucePlugin_IAASubType=JucePlugin_PluginCode",
					"JucePlugin_IAAName=\\\"yourcompany:\\ RingWormModulator\\\"",
					"JucePlugin_VSTNumMidiInputs=16",
					"JucePlugin_VSTNumMidiOutputs=16",
					"JucePlugin_ARAContentTypes=0",
					"JucePlugin_ARATransformationFlags=0",
					"JucePlugin_ARAFactoryID=\\\"com.yourcompany.RingWormModulator.factory\\\"",
					"JucePlugin_ARADocumentArchiveID=\\\"com.yourcompany.RingWormModulator.aradocumentarchive.1.0.0\\\"",
					"JucePlugin_ARACompatibleArchiveIDs=\\\"\\\"",
					"JucePlugin_MaxNumInputChannels=2",
					"JucePlugin_MaxNumOutputChannels=2",
					"JucePlugin_PreferredChannelConfigurations={1,1},{2,2}",
					"JUCE_STANDALONE_APPLICATION=JucePlugin_Build_Standalone",
					"JUCER_XCODE_MAC_F6D2F4CF=1",
					"JUCE_APP_VERSION=1.0.0",
					"JUCE_APP_VERSION_HEX=0x10000",
				);
				GCC_VERSION = com.apple.compilers.llvm.clang.1_0;
				HEADER_SEARCH_PATHS = (
					"/Applications/JUCE/modules/juce_audio_processors/format_types/VST3_SDK",
					"$(SRCROOT)/../../JuceLibraryCode",
					"/Applications/JUCE/modules",
					"/Applications/JUCE/modules/juce_audio_plugin_client/AU",
					"$(inherited)",
				);
				INFOPLIST_FILE = Info-Standalone_Plugin.plist;
				INFOPLIST_PREPROCESS = NO;
				LLVM_LTO = YES;
				MACOSX_DEPLOYMENT_TARGET = 10.13;
				MTL_HEADER_SEARCH_PATHS = "/Applications/JUCE/modules/juce_audio_processors/format_types/VST3_SDK $(SRCROOT)/../../JuceLibraryCode /Applications/JUCE/modules /Applications/JUCE/modules/juce_audio_plugin_client/AU";
				OTHER_LDFLAGS = "-lRingWormModulator";
				PRODUCT_BUNDLE_IDENTIFIER = com.yourcompany.RingWormModulator;
				PRODUCT_NAME = "RingWormModulator";
				USE_HEADERMAP = NO;
				VALID_ARCHS = "i386 x86_64 arm64 arm64e";
			};
			name = Release;
		};
		19CF4D467CF9B9D042D4F93F /* Release */ = {
			isa = XCBuildConfiguration;
			buildSettings = {
				CLANG_CXX_LANGUAGE_STANDARD = "c++17";
				CLANG_CXX_LIBRARY = "libc++";
				CLANG_LINK_OBJC_RUNTIME = NO;
				COMBINE_HIDPI_IMAGES = YES;
				CONFIGURATION_BUILD_DIR = "$(PROJECT_DIR)/build/$(CONFIGURATION)";
				DEAD_CODE_STRIPPING = YES;
				EXCLUDED_ARCHS = "";
				GCC_GENERATE_DEBUGGING_SYMBOLS = NO;
				GCC_OPTIMIZATION_LEVEL = 3;
				GCC_PREPROCESSOR_DEFINITIONS = (
					"_NDEBUG=1",
					"NDEBUG=1",
					"JUCE_DISPLAY_SPLASH_SCREEN=1",
					"JUCE_USE_DARK_SPLASH_SCREEN=1",
					"JUCE_PROJUCER_VERSION=0x7000c",
					"JUCE_MODULE_AVAILABLE_juce_audio_basics=1",
					"JUCE_MODULE_AVAILABLE_juce_audio_devices=1",
					"JUCE_MODULE_AVAILABLE_juce_audio_formats=1",
					"JUCE_MODULE_AVAILABLE_juce_audio_plugin_client=1",
					"JUCE_MODULE_AVAILABLE_juce_audio_processors=1",
					"JUCE_MODULE_AVAILABLE_juce_audio_utils=1",
					"JUCE_MODULE_AVAILABLE_juce_core=1",
					"JUCE_MODULE_AVAILABLE_juce_data_structures=1",
					"JUCE_MODULE_AVAILABLE_juce_events=1",
					"JUCE_MODULE_AVAILABLE_juce_graphics=1",
					"JUCE_MODULE_AVAILABLE_juce_gui_basics=1",
					"JUCE_MODULE_AVAILABLE_juce_gui_extra=1",
					"JUCE_GLOBAL_MODULE_SETTINGS_INCLUDED=1",
					"JUCE_VST3_CAN_REPLACE_VST2=0",
					"JUCE_STRICT_REFCOUNTEDPOINTER=1",
					"JucePlugin_Build_VST=0",
					"JucePlugin_Build_VST3=0",
					"JucePlugin_Build_AU=0",
					"JucePlugin_Build_AUv3=0",
					"JucePlugin_Build_AAX=0",
					"JucePlugin_Build_Standalone=0",
					"JucePlugin_Build_Unity=0",
					"JucePlugin_Build_LV2=0",
					"JucePlugin_Enable_IAA=0",
					"JucePlugin_Enable_ARA=0",
					"JucePlugin_Name=\\\"RingWormModulator\\\"",
					"JucePlugin_Desc=\\\"RingWormModulator\\\"",
					"JucePlugin_Manufacturer=\\\"yourcompany\\\"",
					"JucePlugin_ManufacturerWebsite=\\\"www.yourcompany.com\\\"",
					"JucePlugin_ManufacturerEmail=\\\"\\\"",
					"JucePlugin_ManufacturerCode=0x4d616e75",
					"JucePlugin_PluginCode=0x58646b61",
					"JucePlugin_IsSynth=0",
					"JucePlugin_WantsMidiInput=0",
					"JucePlugin_ProducesMidiOutput=0",
					"JucePlugin_IsMidiEffect=0",
					"JucePlugin_EditorRequiresKeyboardFocus=0",
					"JucePlugin_Version=1.0.0",
					"JucePlugin_VersionCode=0x10000",
					"JucePlugin_VersionString=\\\"1.0.0\\\"",
					"JucePlugin_VSTUniqueID=JucePlugin_PluginCode",
					"JucePlugin_VSTCategory=kPlugCategEffect",
					"JucePlugin_Vst3Category=\\\"Fx\\\"",
					"JucePlugin_AUMainType=\\'aufx\\'",
					"JucePlugin_AUSubType=JucePlugin_PluginCode",
					"JucePlugin_AUExportPrefix=RingWormModulatorAU",
					"JucePlugin_AUExportPrefixQuoted=\\\"RingWormModulatorAU\\\"",
					"JucePlugin_AUManufacturerCode=JucePlugin_ManufacturerCode",
					"JucePlugin_CFBundleIdentifier=com.yourcompany.RingWormModulator",
					"JucePlugin_AAXIdentifier=com.yourcompany.RingWormModulator",
					"JucePlugin_AAXManufacturerCode=JucePlugin_ManufacturerCode",
					"JucePlugin_AAXProductId=JucePlugin_PluginCode",
					"JucePlugin_AAXCategory=0",
					"JucePlugin_AAXDisableBypass=0",
					"JucePlugin_AAXDisableMultiMono=0",
					"JucePlugin_IAAType=0x61757278",
					"JucePlugin_IAASubType=JucePlugin_PluginCode",
					"JucePlugin_IAAName=\\\"yourcompany:\\ RingWormModulator\\\"",
					"JucePlugin_VSTNumMidiInputs=16",
					"JucePlugin_VSTNumMidiOutputs=16",
					"JucePlugin_ARAContentTypes=0",
					"JucePlugin_ARATransformationFlags=0",
					"JucePlugin_ARAFactoryID=\\\"com.yourcompany.RingWormModulator.factory\\\"",
					"JucePlugin_ARADocumentArchiveID=\\\"com.yourcompany.RingWormModulator.aradocumentarchive.1.0.0\\\"",
					"JucePlugin_ARACompatibleArchiveIDs=\\\"\\\"",
					"JucePlugin_MaxNumInputChannels=2",
					"JucePlugin_MaxNumOutputChannels=2",
					"JucePlugin_PreferredChannelConfigurations={1,1},{2,2}",
					"JUCE_STANDALONE_APPLICATION=JucePlugin_Build_Standalone",
					"JUCER_XCODE_MAC_F6D2F4CF=1",
					"JUCE_APP_VERSION=1.0.0",
					"JUCE_APP_VERSION_HEX=0x10000",
				);
				GCC_VERSION = com.apple.compilers.llvm.clang.1_0;
				HEADER_SEARCH_PATHS = (
					"/Applications/JUCE/modules/juce_audio_processors/format_types/VST3_SDK",
					"$(SRCROOT)/../../JuceLibraryCode",
					"/Applications/JUCE/modules",
					"/Applications/JUCE/modules/juce_audio_plugin_client/AU",
					"$(inherited)",
				);
				INFOPLIST_FILE = Info-VST3_Manifest_Helper.plist;
				INFOPLIST_PREPROCESS = NO;
				LLVM_LTO = YES;
				MACOSX_DEPLOYMENT_TARGET = 10.13;
				MTL_HEADER_SEARCH_PATHS = "/Applications/JUCE/modules/juce_audio_processors/format_types/VST3_SDK $(SRCROOT)/../../JuceLibraryCode /Applications/JUCE/modules /Applications/JUCE/modules/juce_audio_plugin_client/AU";
				PRODUCT_BUNDLE_IDENTIFIER = com.yourcompany.RingWormModulator;
				PRODUCT_NAME = "juce_vst3_helper";
				USE_HEADERMAP = NO;
				VALID_ARCHS = "i386 x86_64 arm64 arm64e";
			};
			name = Release;
		};
		24A2A725F25F9D56FB8BD8B5 /* Release */ = {
			isa = XCBuildConfiguration;
			buildSettings = {
				CLANG_CXX_LANGUAGE_STANDARD = "c++17";
				CLANG_CXX_LIBRARY = "libc++";
				CLANG_LINK_OBJC_RUNTIME = NO;
				COMBINE_HIDPI_IMAGES = YES;
				CONFIGURATION_BUILD_DIR = "$(PROJECT_DIR)/build/$(CONFIGURATION)";
				DEAD_CODE_STRIPPING = YES;
				EXCLUDED_ARCHS = "";
				GCC_GENERATE_DEBUGGING_SYMBOLS = NO;
				GCC_OPTIMIZATION_LEVEL = 3;
				GCC_PREPROCESSOR_DEFINITIONS = (
					"_NDEBUG=1",
					"NDEBUG=1",
					"JUCE_DISPLAY_SPLASH_SCREEN=1",
					"JUCE_USE_DARK_SPLASH_SCREEN=1",
					"JUCE_PROJUCER_VERSION=0x7000c",
					"JUCE_MODULE_AVAILABLE_juce_audio_basics=1",
					"JUCE_MODULE_AVAILABLE_juce_audio_devices=1",
					"JUCE_MODULE_AVAILABLE_juce_audio_formats=1",
					"JUCE_MODULE_AVAILABLE_juce_audio_plugin_client=1",
					"JUCE_MODULE_AVAILABLE_juce_audio_processors=1",
					"JUCE_MODULE_AVAILABLE_juce_audio_utils=1",
					"JUCE_MODULE_AVAILABLE_juce_core=1",
					"JUCE_MODULE_AVAILABLE_juce_data_structures=1",
					"JUCE_MODULE_AVAILABLE_juce_events=1",
					"JUCE_MODULE_AVAILABLE_juce_graphics=1",
					"JUCE_MODULE_AVAILABLE_juce_gui_basics=1",
					"JUCE_MODULE_AVAILABLE_juce_gui_extra=1",
					"JUCE_GLOBAL_MODULE_SETTINGS_INCLUDED=1",
					"JUCE_VST3_CAN_REPLACE_VST2=0",
					"JUCE_STRICT_REFCOUNTEDPOINTER=1",
					"JucePlugin_Build_VST=0",
					"JucePlugin_Build_VST3=1",
					"JucePlugin_Build_AU=0",
					"JucePlugin_Build_AUv3=0",
					"JucePlugin_Build_AAX=0",
					"JucePlugin_Build_Standalone=1",
					"JucePlugin_Build_Unity=0",
					"JucePlugin_Build_LV2=0",
					"JucePlugin_Enable_IAA=0",
					"JucePlugin_Enable_ARA=0",
					"JucePlugin_Name=\\\"RingWormModulator\\\"",
					"JucePlugin_Desc=\\\"RingWormModulator\\\"",
					"JucePlugin_Manufacturer=\\\"yourcompany\\\"",
					"JucePlugin_ManufacturerWebsite=\\\"www.yourcompany.com\\\"",
					"JucePlugin_ManufacturerEmail=\\\"\\\"",
					"JucePlugin_ManufacturerCode=0x4d616e75",
					"JucePlugin_PluginCode=0x58646b61",
					"JucePlugin_IsSynth=0",
					"JucePlugin_WantsMidiInput=0",
					"JucePlugin_ProducesMidiOutput=0",
					"JucePlugin_IsMidiEffect=0",
					"JucePlugin_EditorRequiresKeyboardFocus=0",
					"JucePlugin_Version=1.0.0",
					"JucePlugin_VersionCode=0x10000",
					"JucePlugin_VersionString=\\\"1.0.0\\\"",
					"JucePlugin_VSTUniqueID=JucePlugin_PluginCode",
					"JucePlugin_VSTCategory=kPlugCategEffect",
					"JucePlugin_Vst3Category=\\\"Fx\\\"",
					"JucePlugin_AUMainType=\\'aufx\\'",
					"JucePlugin_AUSubType=JucePlugin_PluginCode",
					"JucePlugin_AUExportPrefix=RingWormModulatorAU",
					"JucePlugin_AUExportPrefixQuoted=\\\"RingWormModulatorAU\\\"",
					"JucePlugin_AUManufacturerCode=JucePlugin_ManufacturerCode",
					"JucePlugin_CFBundleIdentifier=com.yourcompany.RingWormModulator",
					"JucePlugin_AAXIdentifier=com.yourcompany.RingWormModulator",
					"JucePlugin_AAXManufacturerCode=JucePlugin_ManufacturerCode",
					"JucePlugin_AAXProductId=JucePlugin_PluginCode",
					"JucePlugin_AAXCategory=0",
					"JucePlugin_AAXDisableBypass=0",
					"JucePlugin_AAXDisableMultiMono=0",
					"JucePlugin_IAAType=0x61757278",
					"JucePlugin_IAASubType=JucePlugin_PluginCode",
					"JucePlugin_IAAName=\\\"yourcompany:\\ RingWormModulator\\\"",
					"JucePlugin_VSTNumMidiInputs=16",
					"JucePlugin_VSTNumMidiOutputs=16",
					"JucePlugin_ARAContentTypes=0",
					"JucePlugin_ARATransformationFlags=0",
					"JucePlugin_ARAFactoryID=\\\"com.yourcompany.RingWormModulator.factory\\\"",
					"JucePlugin_ARADocumentArchiveID=\\\"com.yourcompany.RingWormModulator.aradocumentarchive.1.0.0\\\"",
					"JucePlugin_ARACompatibleArchiveIDs=\\\"\\\"",
					"JucePlugin_MaxNumInputChannels=2",
					"JucePlugin_MaxNumOutputChannels=2",
					"JucePlugin_PreferredChannelConfigurations={1,1},{2,2}",
					"JUCE_STANDALONE_APPLICATION=JucePlugin_Build_Standalone",
					"JUCER_XCODE_MAC_F6D2F4CF=1",
					"JUCE_APP_VERSION=1.0.0",
					"JUCE_APP_VERSION_HEX=0x10000",
					"JUCE_SHARED_CODE=1",
				);
				GCC_VERSION = com.apple.compilers.llvm.clang.1_0;
				HEADER_SEARCH_PATHS = (
					"/Applications/JUCE/modules/juce_audio_processors/format_types/VST3_SDK",
					"$(SRCROOT)/../../JuceLibraryCode",
					"/Applications/JUCE/modules",
					"/Applications/JUCE/modules/juce_audio_plugin_client/AU",
					"$(inherited)",
				);
				INSTALL_PATH = "@executable_path/../Frameworks";
				LLVM_LTO = YES;
				MACOSX_DEPLOYMENT_TARGET = 10.13;
				MTL_HEADER_SEARCH_PATHS = "/Applications/JUCE/modules/juce_audio_processors/format_types/VST3_SDK $(SRCROOT)/../../JuceLibraryCode /Applications/JUCE/modules /Applications/JUCE/modules/juce_audio_plugin_client/AU";
				PRODUCT_BUNDLE_IDENTIFIER = com.yourcompany.RingWormModulator;
				PRODUCT_NAME = "RingWormModulator";
				SKIP_INSTALL = YES;
				USE_HEADERMAP = NO;
				VALID_ARCHS = "i386 x86_64 arm64 arm64e";
			};
			name = Release;
		};
		2B3DF9C2735A6CD12933FF32 /* Release */ = {
			isa = XCBuildConfiguration;
			buildSettings = {
				CLANG_CXX_LANGUAGE_STANDARD = "c++17";
				CLANG_CXX_LIBRARY = "libc++";
				CLANG_LINK_OBJC_RUNTIME = NO;
				COMBINE_HIDPI_IMAGES = YES;
				CONFIGURATION_BUILD_DIR = "$(PROJECT_DIR)/build/$(CONFIGURATION)";
				DEAD_CODE_STRIPPING = YES;
				EXCLUDED_ARCHS = "";
				GCC_GENERATE_DEBUGGING_SYMBOLS = NO;
				GCC_OPTIMIZATION_LEVEL = 3;
				GCC_PREPROCESSOR_DEFINITIONS = (
					"_NDEBUG=1",
					"NDEBUG=1",
					"JUCE_DISPLAY_SPLASH_SCREEN=1",
					"JUCE_USE_DARK_SPLASH_SCREEN=1",
					"JUCE_PROJUCER_VERSION=0x7000c",
					"JUCE_MODULE_AVAILABLE_juce_audio_basics=1",
					"JUCE_MODULE_AVAILABLE_juce_audio_devices=1",
					"JUCE_MODULE_AVAILABLE_juce_audio_formats=1",
					"JUCE_MODULE_AVAILABLE_juce_audio_plugin_client=1",
					"JUCE_MODULE_AVAILABLE_juce_audio_processors=1",
					"JUCE_MODULE_AVAILABLE_juce_audio_utils=1",
					"JUCE_MODULE_AVAILABLE_juce_core=1",
					"JUCE_MODULE_AVAILABLE_juce_data_structures=1",
					"JUCE_MODULE_AVAILABLE_juce_events=1",
					"JUCE_MODULE_AVAILABLE_juce_graphics=1",
					"JUCE_MODULE_AVAILABLE_juce_gui_basics=1",
					"JUCE_MODULE_AVAILABLE_juce_gui_extra=1",
					"JUCE_GLOBAL_MODULE_SETTINGS_INCLUDED=1",
					"JUCE_VST3_CAN_REPLACE_VST2=0",
					"JUCE_STRICT_REFCOUNTEDPOINTER=1",
					"JucePlugin_Build_VST=0",
					"JucePlugin_Build_VST3=1",
					"JucePlugin_Build_AU=0",
					"JucePlugin_Build_AUv3=0",
					"JucePlugin_Build_AAX=0",
					"JucePlugin_Build_Standalone=0",
					"JucePlugin_Build_Unity=0",
					"JucePlugin_Build_LV2=0",
					"JucePlugin_Enable_IAA=0",
					"JucePlugin_Enable_ARA=0",
					"JucePlugin_Name=\\\"RingWormModulator\\\"",
					"JucePlugin_Desc=\\\"RingWormModulator\\\"",
					"JucePlugin_Manufacturer=\\\"yourcompany\\\"",
					"JucePlugin_ManufacturerWebsite=\\\"www.yourcompany.com\\\"",
					"JucePlugin_ManufacturerEmail=\\\"\\\"",
					"JucePlugin_ManufacturerCode=0x4d616e75",
					"JucePlugin_PluginCode=0x58646b61",
					"JucePlugin_IsSynth=0",
					"JucePlugin_WantsMidiInput=0",
					"JucePlugin_ProducesMidiOutput=0",
					"JucePlugin_IsMidiEffect=0",
					"JucePlugin_EditorRequiresKeyboardFocus=0",
					"JucePlugin_Version=1.0.0",
					"JucePlugin_VersionCode=0x10000",
					"JucePlugin_VersionString=\\\"1.0.0\\\"",
					"JucePlugin_VSTUniqueID=JucePlugin_PluginCode",
					"JucePlugin_VSTCategory=kPlugCategEffect",
					"JucePlugin_Vst3Category=\\\"Fx\\\"",
					"JucePlugin_AUMainType=\\'aufx\\'",
					"JucePlugin_AUSubType=JucePlugin_PluginCode",
					"JucePlugin_AUExportPrefix=RingWormModulatorAU",
					"JucePlugin_AUExportPrefixQuoted=\\\"RingWormModulatorAU\\\"",
					"JucePlugin_AUManufacturerCode=JucePlugin_ManufacturerCode",
					"JucePlugin_CFBundleIdentifier=com.yourcompany.RingWormModulator",
					"JucePlugin_AAXIdentifier=com.yourcompany.RingWormModulator",
					"JucePlugin_AAXManufacturerCode=JucePlugin_ManufacturerCode",
					"JucePlugin_AAXProductId=JucePlugin_PluginCode",
					"JucePlugin_AAXCategory=0",
					"JucePlugin_AAXDisableBypass=0",
					"JucePlugin_AAXDisableMultiMono=0",
					"JucePlugin_IAAType=0x61757278",
					"JucePlugin_IAASubType=JucePlugin_PluginCode",
					"JucePlugin_IAAName=\\\"yourcompany:\\ RingWormModulator\\\"",
					"JucePlugin_VSTNumMidiInputs=16",
					"JucePlugin_VSTNumMidiOutputs=16",
					"JucePlugin_ARAContentTypes=0",
					"JucePlugin_ARATransformationFlags=0",
					"JucePlugin_ARAFactoryID=\\\"com.yourcompany.RingWormModulator.factory\\\"",
					"JucePlugin_ARADocumentArchiveID=\\\"com.yourcompany.RingWormModulator.aradocumentarchive.1.0.0\\\"",
					"JucePlugin_ARACompatibleArchiveIDs=\\\"\\\"",
					"JucePlugin_MaxNumInputChannels=2",
					"JucePlugin_MaxNumOutputChannels=2",
					"JucePlugin_PreferredChannelConfigurations={1,1},{2,2}",
					"JUCE_STANDALONE_APPLICATION=JucePlugin_Build_Standalone",
					"JUCER_XCODE_MAC_F6D2F4CF=1",
					"JUCE_APP_VERSION=1.0.0",
					"JUCE_APP_VERSION_HEX=0x10000",
				);
				GCC_VERSION = com.apple.compilers.llvm.clang.1_0;
				GENERATE_PKGINFO_FILE = YES;
				HEADER_SEARCH_PATHS = (
					"/Applications/JUCE/modules/juce_audio_processors/format_types/VST3_SDK",
					"$(SRCROOT)/../../JuceLibraryCode",
					"/Applications/JUCE/modules",
					"/Applications/JUCE/modules/juce_audio_plugin_client/AU",
					"$(inherited)",
				);
				INFOPLIST_FILE = Info-VST3.plist;
				INFOPLIST_PREPROCESS = NO;
				INSTALL_PATH = "$(HOME)/Library/Audio/Plug-Ins/VST3/";
				LIBRARY_STYLE = Bundle;
				LLVM_LTO = YES;
				MACOSX_DEPLOYMENT_TARGET = 10.13;
				MTL_HEADER_SEARCH_PATHS = "/Applications/JUCE/modules/juce_audio_processors/format_types/VST3_SDK $(SRCROOT)/../../JuceLibraryCode /Applications/JUCE/modules /Applications/JUCE/modules/juce_audio_plugin_client/AU";
				OTHER_LDFLAGS = "-bundle -lRingWormModulator";
				PRODUCT_BUNDLE_IDENTIFIER = com.yourcompany.RingWormModulator;
				PRODUCT_NAME = "RingWormModulator";
				USE_HEADERMAP = NO;
				VALID_ARCHS = "i386 x86_64 arm64 arm64e";
				WRAPPER_EXTENSION = vst3;
			};
			name = Release;
		};
		2F4FB9F6F9023242BF87CE96 /* Debug */ = {
			isa = XCBuildConfiguration;
			buildSettings = {
				ALWAYS_SEARCH_USER_PATHS = NO;
				CLANG_ENABLE_OBJC_WEAK = YES;
				CLANG_WARN_BLOCK_CAPTURE_AUTORELEASING = YES;
				CLANG_WARN_BOOL_CONVERSION = YES;
				CLANG_WARN_COMMA = YES;
				CLANG_WARN_CONSTANT_CONVERSION = YES;
				CLANG_WARN_DEPRECATED_OBJC_IMPLEMENTATIONS = YES;
				CLANG_WARN_EMPTY_BODY = YES;
				CLANG_WARN_ENUM_CONVERSION = YES;
				CLANG_WARN_INFINITE_RECURSION = YES;
				CLANG_WARN_INT_CONVERSION = YES;
				CLANG_WARN_NON_LITERAL_NULL_CONVERSION = YES;
				CLANG_WARN_OBJC_IMPLICIT_RETAIN_SELF = YES;
				CLANG_WARN_OBJC_LITERAL_CONVERSION = YES;
				CLANG_WARN_RANGE_LOOP_ANALYSIS = YES;
				CLANG_WARN_STRICT_PROTOTYPES = YES;
				CLANG_WARN_SUSPICIOUS_MOVE = YES;
				CLANG_WARN_UNREACHABLE_CODE = YES;
				CLANG_WARN__DUPLICATE_METHOD_MATCH = YES;
				DEBUG_INFORMATION_FORMAT = dwarf;
				ENABLE_STRICT_OBJC_MSGSEND = YES;
				ENABLE_TESTABILITY = NO;
				GCC_C_LANGUAGE_STANDARD = c11;
				GCC_INLINES_ARE_PRIVATE_EXTERN = YES;
				GCC_MODEL_TUNING = G5;
				GCC_NO_COMMON_BLOCKS = YES;
				GCC_SYMBOLS_PRIVATE_EXTERN = YES;
				GCC_WARN_64_TO_32_BIT_CONVERSION = YES;
				GCC_WARN_ABOUT_RETURN_TYPE = YES;
				GCC_WARN_CHECK_SWITCH_STATEMENTS = YES;
				GCC_WARN_MISSING_PARENTHESES = YES;
				GCC_WARN_NON_VIRTUAL_DESTRUCTOR = YES;
				GCC_WARN_TYPECHECK_CALLS_TO_PRINTF = YES;
				GCC_WARN_UNDECLARED_SELECTOR = YES;
				GCC_WARN_UNINITIALIZED_AUTOS = YES;
				GCC_WARN_UNUSED_FUNCTION = YES;
				GCC_WARN_UNUSED_VARIABLE = YES;
				ONLY_ACTIVE_ARCH = YES;
				OTHER_CODE_SIGN_FLAGS = --timestamp;
				PRODUCT_NAME = "RingWormModulator";
				SDKROOT = macosx;
				WARNING_CFLAGS = "-Wreorder";
				ZERO_LINK = NO;
			};
			name = Debug;
		};
		423B69E00B758CBB4BD59ADF /* Debug */ = {
			isa = XCBuildConfiguration;
			buildSettings = {
				CLANG_CXX_LANGUAGE_STANDARD = "c++17";
				CLANG_CXX_LIBRARY = "libc++";
				CLANG_LINK_OBJC_RUNTIME = NO;
				COMBINE_HIDPI_IMAGES = YES;
				CONFIGURATION_BUILD_DIR = "$(PROJECT_DIR)/build/$(CONFIGURATION)";
				COPY_PHASE_STRIP = NO;
				EXCLUDED_ARCHS = "";
				GCC_DYNAMIC_NO_PIC = NO;
				GCC_OPTIMIZATION_LEVEL = 0;
				GCC_PREPROCESSOR_DEFINITIONS = (
					"_DEBUG=1",
					"DEBUG=1",
					"JUCE_DISPLAY_SPLASH_SCREEN=1",
					"JUCE_USE_DARK_SPLASH_SCREEN=1",
					"JUCE_PROJUCER_VERSION=0x7000c",
					"JUCE_MODULE_AVAILABLE_juce_audio_basics=1",
					"JUCE_MODULE_AVAILABLE_juce_audio_devices=1",
					"JUCE_MODULE_AVAILABLE_juce_audio_formats=1",
					"JUCE_MODULE_AVAILABLE_juce_audio_plugin_client=1",
					"JUCE_MODULE_AVAILABLE_juce_audio_processors=1",
					"JUCE_MODULE_AVAILABLE_juce_audio_utils=1",
					"JUCE_MODULE_AVAILABLE_juce_core=1",
					"JUCE_MODULE_AVAILABLE_juce_data_structures=1",
					"JUCE_MODULE_AVAILABLE_juce_events=1",
					"JUCE_MODULE_AVAILABLE_juce_graphics=1",
					"JUCE_MODULE_AVAILABLE_juce_gui_basics=1",
					"JUCE_MODULE_AVAILABLE_juce_gui_extra=1",
					"JUCE_GLOBAL_MODULE_SETTINGS_INCLUDED=1",
					"JUCE_VST3_CAN_REPLACE_VST2=0",
					"JUCE_STRICT_REFCOUNTEDPOINTER=1",
					"JucePlugin_Build_VST=0",
					"JucePlugin_Build_VST3=0",
					"JucePlugin_Build_AU=0",
					"JucePlugin_Build_AUv3=0",
					"JucePlugin_Build_AAX=0",
					"JucePlugin_Build_Standalone=1",
					"JucePlugin_Build_Unity=0",
					"JucePlugin_Build_LV2=0",
					"JucePlugin_Enable_IAA=0",
					"JucePlugin_Enable_ARA=0",
					"JucePlugin_Name=\\\"RingWormModulator\\\"",
					"JucePlugin_Desc=\\\"RingWormModulator\\\"",
					"JucePlugin_Manufacturer=\\\"yourcompany\\\"",
					"JucePlugin_ManufacturerWebsite=\\\"www.yourcompany.com\\\"",
					"JucePlugin_ManufacturerEmail=\\\"\\\"",
					"JucePlugin_ManufacturerCode=0x4d616e75",
					"JucePlugin_PluginCode=0x58646b61",
					"JucePlugin_IsSynth=0",
					"JucePlugin_WantsMidiInput=0",
					"JucePlugin_ProducesMidiOutput=0",
					"JucePlugin_IsMidiEffect=0",
					"JucePlugin_EditorRequiresKeyboardFocus=0",
					"JucePlugin_Version=1.0.0",
					"JucePlugin_VersionCode=0x10000",
					"JucePlugin_VersionString=\\\"1.0.0\\\"",
					"JucePlugin_VSTUniqueID=JucePlugin_PluginCode",
					"JucePlugin_VSTCategory=kPlugCategEffect",
					"JucePlugin_Vst3Category=\\\"Fx\\\"",
					"JucePlugin_AUMainType=\\'aufx\\'",
					"JucePlugin_AUSubType=JucePlugin_PluginCode",
					"JucePlugin_AUExportPrefix=RingWormModulatorAU",
					"JucePlugin_AUExportPrefixQuoted=\\\"RingWormModulatorAU\\\"",
					"JucePlugin_AUManufacturerCode=JucePlugin_ManufacturerCode",
					"JucePlugin_CFBundleIdentifier=com.yourcompany.RingWormModulator",
					"JucePlugin_AAXIdentifier=com.yourcompany.RingWormModulator",
					"JucePlugin_AAXManufacturerCode=JucePlugin_ManufacturerCode",
					"JucePlugin_AAXProductId=JucePlugin_PluginCode",
					"JucePlugin_AAXCategory=0",
					"JucePlugin_AAXDisableBypass=0",
					"JucePlugin_AAXDisableMultiMono=0",
					"JucePlugin_IAAType=0x61757278",
					"JucePlugin_IAASubType=JucePlugin_PluginCode",
					"JucePlugin_IAAName=\\\"yourcompany:\\ RingWormModulator\\\"",
					"JucePlugin_VSTNumMidiInputs=16",
					"JucePlugin_VSTNumMidiOutputs=16",
					"JucePlugin_ARAContentTypes=0",
					"JucePlugin_ARATransformationFlags=0",
					"JucePlugin_ARAFactoryID=\\\"com.yourcompany.RingWormModulator.factory\\\"",
					"JucePlugin_ARADocumentArchiveID=\\\"com.yourcompany.RingWormModulator.aradocumentarchive.1.0.0\\\"",
					"JucePlugin_ARACompatibleArchiveIDs=\\\"\\\"",
					"JucePlugin_MaxNumInputChannels=2",
					"JucePlugin_MaxNumOutputChannels=2",
					"JucePlugin_PreferredChannelConfigurations={1,1},{2,2}",
					"JUCE_STANDALONE_APPLICATION=JucePlugin_Build_Standalone",
					"JUCER_XCODE_MAC_F6D2F4CF=1",
					"JUCE_APP_VERSION=1.0.0",
					"JUCE_APP_VERSION_HEX=0x10000",
				);
				GCC_VERSION = com.apple.compilers.llvm.clang.1_0;
				HEADER_SEARCH_PATHS = (
					"/Applications/JUCE/modules/juce_audio_processors/format_types/VST3_SDK",
					"$(SRCROOT)/../../JuceLibraryCode",
					"/Applications/JUCE/modules",
					"/Applications/JUCE/modules/juce_audio_plugin_client/AU",
					"$(inherited)",
				);
				INFOPLIST_FILE = Info-Standalone_Plugin.plist;
				INFOPLIST_PREPROCESS = NO;
				MACOSX_DEPLOYMENT_TARGET = 10.13;
				MTL_HEADER_SEARCH_PATHS = "/Applications/JUCE/modules/juce_audio_processors/format_types/VST3_SDK $(SRCROOT)/../../JuceLibraryCode /Applications/JUCE/modules /Applications/JUCE/modules/juce_audio_plugin_client/AU";
				OTHER_LDFLAGS = "-lRingWormModulator";
				PRODUCT_BUNDLE_IDENTIFIER = com.yourcompany.RingWormModulator;
				PRODUCT_NAME = "RingWormModulator";
				USE_HEADERMAP = NO;
				VALID_ARCHS = "i386 x86_64 arm64 arm64e";
			};
			name = Debug;
		};
		43A130AE7F2D49A094C4238C /* Debug */ = {
			isa = XCBuildConfiguration;
			buildSettings = {
				CLANG_CXX_LANGUAGE_STANDARD = "c++17";
				CLANG_CXX_LIBRARY = "libc++";
				CLANG_LINK_OBJC_RUNTIME = NO;
				COMBINE_HIDPI_IMAGES = YES;
				CONFIGURATION_BUILD_DIR = "$(PROJECT_DIR)/build/$(CONFIGURATION)";
				COPY_PHASE_STRIP = NO;
				EXCLUDED_ARCHS = "";
				GCC_DYNAMIC_NO_PIC = NO;
				GCC_OPTIMIZATION_LEVEL = 0;
				GCC_PREPROCESSOR_DEFINITIONS = (
					"_DEBUG=1",
					"DEBUG=1",
					"JUCE_DISPLAY_SPLASH_SCREEN=1",
					"JUCE_USE_DARK_SPLASH_SCREEN=1",
					"JUCE_PROJUCER_VERSION=0x7000c",
					"JUCE_MODULE_AVAILABLE_juce_audio_basics=1",
					"JUCE_MODULE_AVAILABLE_juce_audio_devices=1",
					"JUCE_MODULE_AVAILABLE_juce_audio_formats=1",
					"JUCE_MODULE_AVAILABLE_juce_audio_plugin_client=1",
					"JUCE_MODULE_AVAILABLE_juce_audio_processors=1",
					"JUCE_MODULE_AVAILABLE_juce_audio_utils=1",
					"JUCE_MODULE_AVAILABLE_juce_core=1",
					"JUCE_MODULE_AVAILABLE_juce_data_structures=1",
					"JUCE_MODULE_AVAILABLE_juce_events=1",
					"JUCE_MODULE_AVAILABLE_juce_graphics=1",
					"JUCE_MODULE_AVAILABLE_juce_gui_basics=1",
					"JUCE_MODULE_AVAILABLE_juce_gui_extra=1",
					"JUCE_GLOBAL_MODULE_SETTINGS_INCLUDED=1",
					"JUCE_VST3_CAN_REPLACE_VST2=0",
					"JUCE_STRICT_REFCOUNTEDPOINTER=1",
					"JucePlugin_Build_VST=0",
					"JucePlugin_Build_VST3=0",
					"JucePlugin_Build_AU=0",
					"JucePlugin_Build_AUv3=0",
					"JucePlugin_Build_AAX=0",
					"JucePlugin_Build_Standalone=0",
					"JucePlugin_Build_Unity=0",
					"JucePlugin_Build_LV2=0",
					"JucePlugin_Enable_IAA=0",
					"JucePlugin_Enable_ARA=0",
					"JucePlugin_Name=\\\"RingWormModulator\\\"",
					"JucePlugin_Desc=\\\"RingWormModulator\\\"",
					"JucePlugin_Manufacturer=\\\"yourcompany\\\"",
					"JucePlugin_ManufacturerWebsite=\\\"www.yourcompany.com\\\"",
					"JucePlugin_ManufacturerEmail=\\\"\\\"",
					"JucePlugin_ManufacturerCode=0x4d616e75",
					"JucePlugin_PluginCode=0x58646b61",
					"JucePlugin_IsSynth=0",
					"JucePlugin_WantsMidiInput=0",
					"JucePlugin_ProducesMidiOutput=0",
					"JucePlugin_IsMidiEffect=0",
					"JucePlugin_EditorRequiresKeyboardFocus=0",
					"JucePlugin_Version=1.0.0",
					"JucePlugin_VersionCode=0x10000",
					"JucePlugin_VersionString=\\\"1.0.0\\\"",
					"JucePlugin_VSTUniqueID=JucePlugin_PluginCode",
					"JucePlugin_VSTCategory=kPlugCategEffect",
					"JucePlugin_Vst3Category=\\\"Fx\\\"",
					"JucePlugin_AUMainType=\\'aufx\\'",
					"JucePlugin_AUSubType=JucePlugin_PluginCode",
					"JucePlugin_AUExportPrefix=RingWormModulatorAU",
					"JucePlugin_AUExportPrefixQuoted=\\\"RingWormModulatorAU\\\"",
					"JucePlugin_AUManufacturerCode=JucePlugin_ManufacturerCode",
					"JucePlugin_CFBundleIdentifier=com.yourcompany.RingWormModulator",
					"JucePlugin_AAXIdentifier=com.yourcompany.RingWormModulator",
					"JucePlugin_AAXManufacturerCode=JucePlugin_ManufacturerCode",
					"JucePlugin_AAXProductId=JucePlugin_PluginCode",
					"JucePlugin_AAXCategory=0",
					"JucePlugin_AAXDisableBypass=0",
					"JucePlugin_AAXDisableMultiMono=0",
					"JucePlugin_IAAType=0x61757278",
					"JucePlugin_IAASubType=JucePlugin_PluginCode",
					"JucePlugin_IAAName=\\\"yourcompany:\\ RingWormModulator\\\"",
					"JucePlugin_VSTNumMidiInputs=16",
					"JucePlugin_VSTNumMidiOutputs=16",
					"JucePlugin_ARAContentTypes=0",
					"JucePlugin_ARATransformationFlags=0",
					"JucePlugin_ARAFactoryID=\\\"com.yourcompany.RingWormModulator.factory\\\"",
					"JucePlugin_ARADocumentArchiveID=\\\"com.yourcompany.RingWormModulator.aradocumentarchive.1.0.0\\\"",
					"JucePlugin_ARACompatibleArchiveIDs=\\\"\\\"",
					"JucePlugin_MaxNumInputChannels=2",
					"JucePlugin_MaxNumOutputChannels=2",
					"JucePlugin_PreferredChannelConfigurations={1,1},{2,2}",
					"JUCE_STANDALONE_APPLICATION=JucePlugin_Build_Standalone",
					"JUCER_XCODE_MAC_F6D2F4CF=1",
					"JUCE_APP_VERSION=1.0.0",
					"JUCE_APP_VERSION_HEX=0x10000",
				);
				GCC_VERSION = com.apple.compilers.llvm.clang.1_0;
				HEADER_SEARCH_PATHS = (
					"/Applications/JUCE/modules/juce_audio_processors/format_types/VST3_SDK",
					"$(SRCROOT)/../../JuceLibraryCode",
					"/Applications/JUCE/modules",
					"/Applications/JUCE/modules/juce_audio_plugin_client/AU",
					"$(inherited)",
				);
				INFOPLIST_FILE = Info-VST3_Manifest_Helper.plist;
				INFOPLIST_PREPROCESS = NO;
				MACOSX_DEPLOYMENT_TARGET = 10.13;
				MTL_HEADER_SEARCH_PATHS = "/Applications/JUCE/modules/juce_audio_processors/format_types/VST3_SDK $(SRCROOT)/../../JuceLibraryCode /Applications/JUCE/modules /Applications/JUCE/modules/juce_audio_plugin_client/AU";
				PRODUCT_BUNDLE_IDENTIFIER = com.yourcompany.RingWormModulator;
				PRODUCT_NAME = "juce_vst3_helper";
				USE_HEADERMAP = NO;
				VALID_ARCHS = "i386 x86_64 arm64 arm64e";
			};
			name = Debug;
		};
		579BF92F66D10DA32C0E11BC /* Debug */ = {
			isa = XCBuildConfiguration;
			buildSettings = {
				CLANG_CXX_LANGUAGE_STANDARD = "c++17";
				CLANG_CXX_LIBRARY = "libc++";
				CLANG_LINK_OBJC_RUNTIME = NO;
				COMBINE_HIDPI_IMAGES = YES;
				CONFIGURATION_BUILD_DIR = "$(PROJECT_DIR)/build/$(CONFIGURATION)";
				COPY_PHASE_STRIP = NO;
				EXCLUDED_ARCHS = "";
				GCC_DYNAMIC_NO_PIC = NO;
				GCC_OPTIMIZATION_LEVEL = 0;
				GCC_PREPROCESSOR_DEFINITIONS = (
					"_DEBUG=1",
					"DEBUG=1",
					"JUCE_DISPLAY_SPLASH_SCREEN=1",
					"JUCE_USE_DARK_SPLASH_SCREEN=1",
					"JUCE_PROJUCER_VERSION=0x7000c",
					"JUCE_MODULE_AVAILABLE_juce_audio_basics=1",
					"JUCE_MODULE_AVAILABLE_juce_audio_devices=1",
					"JUCE_MODULE_AVAILABLE_juce_audio_formats=1",
					"JUCE_MODULE_AVAILABLE_juce_audio_plugin_client=1",
					"JUCE_MODULE_AVAILABLE_juce_audio_processors=1",
					"JUCE_MODULE_AVAILABLE_juce_audio_utils=1",
					"JUCE_MODULE_AVAILABLE_juce_core=1",
					"JUCE_MODULE_AVAILABLE_juce_data_structures=1",
					"JUCE_MODULE_AVAILABLE_juce_events=1",
					"JUCE_MODULE_AVAILABLE_juce_graphics=1",
					"JUCE_MODULE_AVAILABLE_juce_gui_basics=1",
					"JUCE_MODULE_AVAILABLE_juce_gui_extra=1",
					"JUCE_GLOBAL_MODULE_SETTINGS_INCLUDED=1",
					"JUCE_VST3_CAN_REPLACE_VST2=0",
					"JUCE_STRICT_REFCOUNTEDPOINTER=1",
					"JucePlugin_Build_VST=0",
					"JucePlugin_Build_VST3=1",
					"JucePlugin_Build_AU=0",
					"JucePlugin_Build_AUv3=0",
					"JucePlugin_Build_AAX=0",
					"JucePlugin_Build_Standalone=1",
					"JucePlugin_Build_Unity=0",
					"JucePlugin_Build_LV2=0",
					"JucePlugin_Enable_IAA=0",
					"JucePlugin_Enable_ARA=0",
					"JucePlugin_Name=\\\"RingWormModulator\\\"",
					"JucePlugin_Desc=\\\"RingWormModulator\\\"",
					"JucePlugin_Manufacturer=\\\"yourcompany\\\"",
					"JucePlugin_ManufacturerWebsite=\\\"www.yourcompany.com\\\"",
					"JucePlugin_ManufacturerEmail=\\\"\\\"",
					"JucePlugin_ManufacturerCode=0x4d616e75",
					"JucePlugin_PluginCode=0x58646b61",
					"JucePlugin_IsSynth=0",
					"JucePlugin_WantsMidiInput=0",
					"JucePlugin_ProducesMidiOutput=0",
					"JucePlugin_IsMidiEffect=0",
					"JucePlugin_EditorRequiresKeyboardFocus=0",
					"JucePlugin_Version=1.0.0",
					"JucePlugin_VersionCode=0x10000",
					"JucePlugin_VersionString=\\\"1.0.0\\\"",
					"JucePlugin_VSTUniqueID=JucePlugin_PluginCode",
					"JucePlugin_VSTCategory=kPlugCategEffect",
					"JucePlugin_Vst3Category=\\\"Fx\\\"",
					"JucePlugin_AUMainType=\\'aufx\\'",
					"JucePlugin_AUSubType=JucePlugin_PluginCode",
					"JucePlugin_AUExportPrefix=RingWormModulatorAU",
					"JucePlugin_AUExportPrefixQuoted=\\\"RingWormModulatorAU\\\"",
					"JucePlugin_AUManufacturerCode=JucePlugin_ManufacturerCode",
					"JucePlugin_CFBundleIdentifier=com.yourcompany.RingWormModulator",
					"JucePlugin_AAXIdentifier=com.yourcompany.RingWormModulator",
					"JucePlugin_AAXManufacturerCode=JucePlugin_ManufacturerCode",
					"JucePlugin_AAXProductId=JucePlugin_PluginCode",
					"JucePlugin_AAXCategory=0",
					"JucePlugin_AAXDisableBypass=0",
					"JucePlugin_AAXDisableMultiMono=0",
					"JucePlugin_IAAType=0x61757278",
					"JucePlugin_IAASubType=JucePlugin_PluginCode",
					"JucePlugin_IAAName=\\\"yourcompany:\\ RingWormModulator\\\"",
					"JucePlugin_VSTNumMidiInputs=16",
					"JucePlugin_VSTNumMidiOutputs=16",
					"JucePlugin_ARAContentTypes=0",
					"JucePlugin_ARATransformationFlags=0",
					"JucePlugin_ARAFactoryID=\\\"com.yourcompany.RingWormModulator.factory\\\"",
					"JucePlugin_ARADocumentArchiveID=\\\"com.yourcompany.RingWormModulator.aradocumentarchive.1.0.0\\\"",
					"JucePlugin_ARACompatibleArchiveIDs=\\\"\\\"",
					"JucePlugin_MaxNumInputChannels=2",
					"JucePlugin_MaxNumOutputChannels=2",
					"JucePlugin_PreferredChannelConfigurations={1,1},{2,2}",
					"JUCE_STANDALONE_APPLICATION=JucePlugin_Build_Standalone",
					"JUCER_XCODE_MAC_F6D2F4CF=1",
					"JUCE_APP_VERSION=1.0.0",
					"JUCE_APP_VERSION_HEX=0x10000",
					"JUCE_SHARED_CODE=1",
				);
				GCC_VERSION = com.apple.compilers.llvm.clang.1_0;
				HEADER_SEARCH_PATHS = (
					"/Applications/JUCE/modules/juce_audio_processors/format_types/VST3_SDK",
					"$(SRCROOT)/../../JuceLibraryCode",
					"/Applications/JUCE/modules",
					"/Applications/JUCE/modules/juce_audio_plugin_client/AU",
					"$(inherited)",
				);
				INSTALL_PATH = "@executable_path/../Frameworks";
				MACOSX_DEPLOYMENT_TARGET = 10.13;
				MTL_HEADER_SEARCH_PATHS = "/Applications/JUCE/modules/juce_audio_processors/format_types/VST3_SDK $(SRCROOT)/../../JuceLibraryCode /Applications/JUCE/modules /Applications/JUCE/modules/juce_audio_plugin_client/AU";
				PRODUCT_BUNDLE_IDENTIFIER = com.yourcompany.RingWormModulator;
				PRODUCT_NAME = "RingWormModulator";
				SKIP_INSTALL = YES;
				USE_HEADERMAP = NO;
				VALID_ARCHS = "i386 x86_64 arm64 arm64e";
			};
			name = Debug;
		};
		5811D013B652C6833809E1F6 /* Release */ = {
			isa = XCBuildConfiguration;
			buildSettings = {
				MACOSX_DEPLOYMENT_TARGET = 10.13;
				SDKROOT = macosx;
			};
			name = Release;
		};
		6A5A104CD8CA6F02DAAD9A07 /* Debug */ = {
			isa = XCBuildConfiguration;
			buildSettings = {
				MACOSX_DEPLOYMENT_TARGET = 10.13;
				SDKROOT = macosx;
			};
			name = Debug;
		};
		8E7AB739721856BDD9BB98E1 /* Debug */ = {
			isa = XCBuildConfiguration;
			buildSettings = {
				CLANG_CXX_LANGUAGE_STANDARD = "c++17";
				CLANG_CXX_LIBRARY = "libc++";
				CLANG_LINK_OBJC_RUNTIME = NO;
				COMBINE_HIDPI_IMAGES = YES;
				CONFIGURATION_BUILD_DIR = "$(PROJECT_DIR)/build/$(CONFIGURATION)";
				COPY_PHASE_STRIP = NO;
				EXCLUDED_ARCHS = "";
				GCC_DYNAMIC_NO_PIC = NO;
				GCC_OPTIMIZATION_LEVEL = 0;
				GCC_PREPROCESSOR_DEFINITIONS = (
					"_DEBUG=1",
					"DEBUG=1",
					"JUCE_DISPLAY_SPLASH_SCREEN=1",
					"JUCE_USE_DARK_SPLASH_SCREEN=1",
					"JUCE_PROJUCER_VERSION=0x7000c",
					"JUCE_MODULE_AVAILABLE_juce_audio_basics=1",
					"JUCE_MODULE_AVAILABLE_juce_audio_devices=1",
					"JUCE_MODULE_AVAILABLE_juce_audio_formats=1",
					"JUCE_MODULE_AVAILABLE_juce_audio_plugin_client=1",
					"JUCE_MODULE_AVAILABLE_juce_audio_processors=1",
					"JUCE_MODULE_AVAILABLE_juce_audio_utils=1",
					"JUCE_MODULE_AVAILABLE_juce_core=1",
					"JUCE_MODULE_AVAILABLE_juce_data_structures=1",
					"JUCE_MODULE_AVAILABLE_juce_events=1",
					"JUCE_MODULE_AVAILABLE_juce_graphics=1",
					"JUCE_MODULE_AVAILABLE_juce_gui_basics=1",
					"JUCE_MODULE_AVAILABLE_juce_gui_extra=1",
					"JUCE_GLOBAL_MODULE_SETTINGS_INCLUDED=1",
					"JUCE_VST3_CAN_REPLACE_VST2=0",
					"JUCE_STRICT_REFCOUNTEDPOINTER=1",
					"JucePlugin_Build_VST=0",
					"JucePlugin_Build_VST3=1",
					"JucePlugin_Build_AU=0",
					"JucePlugin_Build_AUv3=0",
					"JucePlugin_Build_AAX=0",
					"JucePlugin_Build_Standalone=0",
					"JucePlugin_Build_Unity=0",
					"JucePlugin_Build_LV2=0",
					"JucePlugin_Enable_IAA=0",
					"JucePlugin_Enable_ARA=0",
					"JucePlugin_Name=\\\"RingWormModulator\\\"",
					"JucePlugin_Desc=\\\"RingWormModulator\\\"",
					"JucePlugin_Manufacturer=\\\"yourcompany\\\"",
					"JucePlugin_ManufacturerWebsite=\\\"www.yourcompany.com\\\"",
					"JucePlugin_ManufacturerEmail=\\\"\\\"",
					"JucePlugin_ManufacturerCode=0x4d616e75",
					"JucePlugin_PluginCode=0x58646b61",
					"JucePlugin_IsSynth=0",
					"JucePlugin_WantsMidiInput=0",
					"JucePlugin_ProducesMidiOutput=0",
					"JucePlugin_IsMidiEffect=0",
					"JucePlugin_EditorRequiresKeyboardFocus=0",
					"JucePlugin_Version=1.0.0",
					"JucePlugin_VersionCode=0x10000",
					"JucePlugin_VersionString=\\\"1.0.0\\\"",
					"JucePlugin_VSTUniqueID=JucePlugin_PluginCode",
					"JucePlugin_VSTCategory=kPlugCategEffect",
					"JucePlugin_Vst3Category=\\\"Fx\\\"",
					"JucePlugin_AUMainType=\\'aufx\\'",
					"JucePlugin_AUSubType=JucePlugin_PluginCode",
					"JucePlugin_AUExportPrefix=RingWormModulatorAU",
					"JucePlugin_AUExportPrefixQuoted=\\\"RingWormModulatorAU\\\"",
					"JucePlugin_AUManufacturerCode=JucePlugin_ManufacturerCode",
					"JucePlugin_CFBundleIdentifier=com.yourcompany.RingWormModulator",
					"JucePlugin_AAXIdentifier=com.yourcompany.RingWormModulator",
					"JucePlugin_AAXManufacturerCode=JucePlugin_ManufacturerCode",
					"JucePlugin_AAXProductId=JucePlugin_PluginCode",
					"JucePlugin_AAXCategory=0",
					"JucePlugin_AAXDisableBypass=0",
					"JucePlugin_AAXDisableMultiMono=0",
					"JucePlugin_IAAType=0x61757278",
					"JucePlugin_IAASubType=JucePlugin_PluginCode",
					"JucePlugin_IAAName=\\\"yourcompany:\\ RingWormModulator\\\"",
					"JucePlugin_VSTNumMidiInputs=16",
					"JucePlugin_VSTNumMidiOutputs=16",
					"JucePlugin_ARAContentTypes=0",
					"JucePlugin_ARATransformationFlags=0",
					"JucePlugin_ARAFactoryID=\\\"com.yourcompany.RingWormModulator.factory\\\"",
					"JucePlugin_ARADocumentArchiveID=\\\"com.yourcompany.RingWormModulator.aradocumentarchive.1.0.0\\\"",
					"JucePlugin_ARACompatibleArchiveIDs=\\\"\\\"",
					"JucePlugin_MaxNumInputChannels=2",
					"JucePlugin_MaxNumOutputChannels=2",
					"JucePlugin_PreferredChannelConfigurations={1,1},{2,2}",
					"JUCE_STANDALONE_APPLICATION=JucePlugin_Build_Standalone",
					"JUCER_XCODE_MAC_F6D2F4CF=1",
					"JUCE_APP_VERSION=1.0.0",
					"JUCE_APP_VERSION_HEX=0x10000",
				);
				GCC_VERSION = com.apple.compilers.llvm.clang.1_0;
				GENERATE_PKGINFO_FILE = YES;
				HEADER_SEARCH_PATHS = (
					"/Applications/JUCE/modules/juce_audio_processors/format_types/VST3_SDK",
					"$(SRCROOT)/../../JuceLibraryCode",
					"/Applications/JUCE/modules",
					"/Applications/JUCE/modules/juce_audio_plugin_client/AU",
					"$(inherited)",
				);
				INFOPLIST_FILE = Info-VST3.plist;
				INFOPLIST_PREPROCESS = NO;
				INSTALL_PATH = "$(HOME)/Library/Audio/Plug-Ins/VST3/";
				LIBRARY_STYLE = Bundle;
				MACOSX_DEPLOYMENT_TARGET = 10.13;
				MTL_HEADER_SEARCH_PATHS = "/Applications/JUCE/modules/juce_audio_processors/format_types/VST3_SDK $(SRCROOT)/../../JuceLibraryCode /Applications/JUCE/modules /Applications/JUCE/modules/juce_audio_plugin_client/AU";
				OTHER_LDFLAGS = "-bundle -lRingWormModulator";
				PRODUCT_BUNDLE_IDENTIFIER = com.yourcompany.RingWormModulator;
				PRODUCT_NAME = "RingWormModulator";
				USE_HEADERMAP = NO;
				VALID_ARCHS = "i386 x86_64 arm64 arm64e";
				WRAPPER_EXTENSION = vst3;
			};
			name = Debug;
		};
		A5A139888DF7FDCD8D2F802C /* Release */ = {
			isa = XCBuildConfiguration;
			buildSettings = {
				ALWAYS_SEARCH_USER_PATHS = NO;
				CLANG_ENABLE_OBJC_WEAK = YES;
				CLANG_WARN_BLOCK_CAPTURE_AUTORELEASING = YES;
				CLANG_WARN_BOOL_CONVERSION = YES;
				CLANG_WARN_COMMA = YES;
				CLANG_WARN_CONSTANT_CONVERSION = YES;
				CLANG_WARN_DEPRECATED_OBJC_IMPLEMENTATIONS = YES;
				CLANG_WARN_EMPTY_BODY = YES;
				CLANG_WARN_ENUM_CONVERSION = YES;
				CLANG_WARN_INFINITE_RECURSION = YES;
				CLANG_WARN_INT_CONVERSION = YES;
				CLANG_WARN_NON_LITERAL_NULL_CONVERSION = YES;
				CLANG_WARN_OBJC_IMPLICIT_RETAIN_SELF = YES;
				CLANG_WARN_OBJC_LITERAL_CONVERSION = YES;
				CLANG_WARN_RANGE_LOOP_ANALYSIS = YES;
				CLANG_WARN_STRICT_PROTOTYPES = YES;
				CLANG_WARN_SUSPICIOUS_MOVE = YES;
				CLANG_WARN_UNREACHABLE_CODE = YES;
				CLANG_WARN__DUPLICATE_METHOD_MATCH = YES;
				DEBUG_INFORMATION_FORMAT = dwarf;
				ENABLE_STRICT_OBJC_MSGSEND = YES;
				ENABLE_TESTABILITY = NO;
				GCC_C_LANGUAGE_STANDARD = c11;
				GCC_INLINES_ARE_PRIVATE_EXTERN = YES;
				GCC_MODEL_TUNING = G5;
				GCC_NO_COMMON_BLOCKS = YES;
				GCC_SYMBOLS_PRIVATE_EXTERN = YES;
				GCC_WARN_64_TO_32_BIT_CONVERSION = YES;
				GCC_WARN_ABOUT_RETURN_TYPE = YES;
				GCC_WARN_CHECK_SWITCH_STATEMENTS = YES;
				GCC_WARN_MISSING_PARENTHESES = YES;
				GCC_WARN_NON_VIRTUAL_DESTRUCTOR = YES;
				GCC_WARN_TYPECHECK_CALLS_TO_PRINTF = YES;
				GCC_WARN_UNDECLARED_SELECTOR = YES;
				GCC_WARN_UNINITIALIZED_AUTOS = YES;
				GCC_WARN_UNUSED_FUNCTION = YES;
				GCC_WARN_UNUSED_VARIABLE = YES;
				OTHER_CODE_SIGN_FLAGS = --timestamp;
				PRODUCT_NAME = "RingWormModulator";
				SDKROOT = macosx;
				WARNING_CFLAGS = "-Wreorder";
				ZERO_LINK = NO;
			};
			name = Release;
		};
/* End XCBuildConfiguration section */

/* Begin XCConfigurationList section */
		31335C04F607FCA04E58C001 = {
			isa = XCConfigurationList;
			buildConfigurations = (
				8E7AB739721856BDD9BB98E1,
				2B3DF9C2735A6CD12933FF32,
			);
			defaultConfigurationIsVisible = 0;
			defaultConfigurationName = Debug;
		};
		7BD45605CA474ED98BC33AEC = {
			isa = XCConfigurationList;
			buildConfigurations = (
				43A130AE7F2D49A094C4238C,
				19CF4D467CF9B9D042D4F93F,
			);
			defaultConfigurationIsVisible = 0;
			defaultConfigurationName = Debug;
		};
		7CDCD939C317A0DF00C2CF55 = {
			isa = XCConfigurationList;
			buildConfigurations = (
				423B69E00B758CBB4BD59ADF,
				0413F1BC670C2CCEE5543819,
			);
			defaultConfigurationIsVisible = 0;
			defaultConfigurationName = Debug;
		};
		97857475672F9EBBB03BC5B2 = {
			isa = XCConfigurationList;
			buildConfigurations = (
				6A5A104CD8CA6F02DAAD9A07,
				5811D013B652C6833809E1F6,
			);
			defaultConfigurationIsVisible = 0;
			defaultConfigurationName = Debug;
		};
		DBA4A9D4C8B4F340B9FED239 = {
			isa = XCConfigurationList;
			buildConfigurations = (
				2F4FB9F6F9023242BF87CE96,
				A5A139888DF7FDCD8D2F802C,
			);
			defaultConfigurationIsVisible = 0;
			defaultConfigurationName = Debug;
		};
		F61C731599FBF073FC941732 = {
			isa = XCConfigurationList;
			buildConfigurations = (
				579BF92F66D10DA32C0E11BC,
				24A2A725F25F9D56FB8BD8B5,
			);
			defaultConfigurationIsVisible = 0;
			defaultConfigurationName = Debug;
		};
/* End XCConfigurationList section */
	};
	rootObject = DF8D7CBA8FC33650BDF59334 /* Project object */;
}
